PODS:
  - GraphQLite (1.2.0)
  - InputBarAccessoryView (5.4.0):
    - InputBarAccessoryView/Core (= 5.4.0)
  - InputBarAccessoryView/Core (5.4.0)
  - NYTPhotoViewer (5.0.5):
    - NYTPhotoViewer/AnimatedGifSupport (= 5.0.5)
    - NYTPhotoViewer/Core (= 5.0.5)
  - NYTPhotoViewer/AnimatedGifSupport (5.0.5):
    - NYTPhotoViewer/Core
    - PINRemoteImage/iOS (~> 3.0.1)
    - PINRemoteImage/PINCache
  - NYTPhotoViewer/Core (5.0.5)
  - PasscodeKit (1.0.1)
  - PINCache (3.0.3):
    - PINCache/Arc-exception-safe (= 3.0.3)
    - PINCache/Core (= 3.0.3)
  - PINCache/Arc-exception-safe (3.0.3):
    - PINCache/Core
  - PINCache/Core (3.0.3):
    - PINOperation (~> 1.2.1)
  - PINOperation (1.2.1)
  - PINRemoteImage/Core (3.0.3):
    - PINOperation
  - PINRemoteImage/iOS (3.0.3):
    - PINRemoteImage/Core
  - PINRemoteImage/PINCache (3.0.3):
    - PINCache (~> 3.0.3)
    - PINRemoteImage/Core
  - ProgressHUD (13.6)

DEPENDENCIES:
  - GraphQLite
  - InputBarAccessoryView
  - NYTPhotoViewer
  - PasscodeKit
  - ProgressHUD

SPEC REPOS:
  trunk:
    - GraphQLite
    - InputBarAccessoryView
    - NYTPhotoViewer
    - PasscodeKit
    - PINCache
    - PINOperation
    - PINRemoteImage
    - ProgressHUD

SPEC CHECKSUMS:
  GraphQLite: b8e46fb076bfc602e6a62367f97bc4be60a67262
  InputBarAccessoryView: 74d471ab1fa1736806be50328df79257e52865a9
  NYTPhotoViewer: 6f50ea92f265d54a350b39a7ab7a1b91ca487ff6
  PasscodeKit: 495d98d2d5e68c5e34c58917b4022eba66182616
  PINCache: 7a8fc1a691173d21dbddbf86cd515de6efa55086
  PINOperation: 00c935935f1e8cf0d1e2d6b542e75b88fc3e5e20
  PINRemoteImage: f1295b29f8c5e640e25335a1b2bd9d805171bd01
  ProgressHUD: 4bdaa0d2ddf676b23324b199f9facffb5c3a1620

PODFILE CHECKSUM: c75db36460d20eb2f7ebecebb6ee0784242ee02f

COCOAPODS: 1.11.2
