// !$*UTF8*$!
{
	archiveVersion = 1;
	classes = {
	};
	objectVersion = 46;
	objects = {

/* Begin PBXBuildFile section */
		292339241AA38DBD00A47A39 /* AFHTTPRequestOperation.m in Sources */ = {isa = PBXBuildFile; fileRef = 292339001AA38DBD00A47A39 /* AFHTTPRequestOperation.m */; };
		292339251AA38DBD00A47A39 /* AFHTTPRequestOperationManager.m in Sources */ = {isa = PBXBuildFile; fileRef = 292339021AA38DBD00A47A39 /* AFHTTPRequestOperationManager.m */; };
		292339261AA38DBD00A47A39 /* AFHTTPSessionManager.m in Sources */ = {isa = PBXBuildFile; fileRef = 292339041AA38DBD00A47A39 /* AFHTTPSessionManager.m */; };
		292339271AA38DBD00A47A39 /* AFNetworkReachabilityManager.m in Sources */ = {isa = PBXBuildFile; fileRef = 292339071AA38DBD00A47A39 /* AFNetworkReachabilityManager.m */; };
		292339281AA38DBD00A47A39 /* AFSecurityPolicy.m in Sources */ = {isa = PBXBuildFile; fileRef = 292339091AA38DBD00A47A39 /* AFSecurityPolicy.m */; };
		292339291AA38DBD00A47A39 /* AFURLConnectionOperation.m in Sources */ = {isa = PBXBuildFile; fileRef = 2923390B1AA38DBD00A47A39 /* AFURLConnectionOperation.m */; };
		2923392A1AA38DBD00A47A39 /* AFURLRequestSerialization.m in Sources */ = {isa = PBXBuildFile; fileRef = 2923390D1AA38DBD00A47A39 /* AFURLRequestSerialization.m */; };
		2923392B1AA38DBD00A47A39 /* AFURLResponseSerialization.m in Sources */ = {isa = PBXBuildFile; fileRef = 2923390F1AA38DBD00A47A39 /* AFURLResponseSerialization.m */; };
		2923392C1AA38DBD00A47A39 /* AFURLSessionManager.m in Sources */ = {isa = PBXBuildFile; fileRef = 292339111AA38DBD00A47A39 /* AFURLSessionManager.m */; };
		2923392D1AA38DBD00A47A39 /* AFNetworkActivityIndicatorManager.m in Sources */ = {isa = PBXBuildFile; fileRef = 292339141AA38DBD00A47A39 /* AFNetworkActivityIndicatorManager.m */; };
		2923392E1AA38DBD00A47A39 /* UIActivityIndicatorView+AFNetworking.m in Sources */ = {isa = PBXBuildFile; fileRef = 292339161AA38DBD00A47A39 /* UIActivityIndicatorView+AFNetworking.m */; };
		2923392F1AA38DBD00A47A39 /* UIAlertView+AFNetworking.m in Sources */ = {isa = PBXBuildFile; fileRef = 292339181AA38DBD00A47A39 /* UIAlertView+AFNetworking.m */; };
		292339301AA38DBD00A47A39 /* UIButton+AFNetworking.m in Sources */ = {isa = PBXBuildFile; fileRef = 2923391A1AA38DBD00A47A39 /* UIButton+AFNetworking.m */; };
		292339311AA38DBD00A47A39 /* UIImageView+AFNetworking.m in Sources */ = {isa = PBXBuildFile; fileRef = 2923391C1AA38DBD00A47A39 /* UIImageView+AFNetworking.m */; };
		292339321AA38DBD00A47A39 /* UIProgressView+AFNetworking.m in Sources */ = {isa = PBXBuildFile; fileRef = 2923391F1AA38DBD00A47A39 /* UIProgressView+AFNetworking.m */; };
		292339331AA38DBD00A47A39 /* UIRefreshControl+AFNetworking.m in Sources */ = {isa = PBXBuildFile; fileRef = 292339211AA38DBD00A47A39 /* UIRefreshControl+AFNetworking.m */; };
		292339341AA38DBD00A47A39 /* UIWebView+AFNetworking.m in Sources */ = {isa = PBXBuildFile; fileRef = 292339231AA38DBD00A47A39 /* UIWebView+AFNetworking.m */; };
		292339A21AA38E0F00A47A39 /* JSQMessagesAssets.bundle in Resources */ = {isa = PBXBuildFile; fileRef = 292339371AA38E0F00A47A39 /* JSQMessagesAssets.bundle */; };
		292339A31AA38E0F00A47A39 /* JSQMessages.strings in Resources */ = {isa = PBXBuildFile; fileRef = 292339391AA38E0F00A47A39 /* JSQMessages.strings */; };
		292339A41AA38E0F00A47A39 /* JSQSystemSoundPlayer+JSQMessages.m in Sources */ = {isa = PBXBuildFile; fileRef = 2923394B1AA38E0F00A47A39 /* JSQSystemSoundPlayer+JSQMessages.m */; };
		292339A51AA38E0F00A47A39 /* NSString+JSQMessages.m in Sources */ = {isa = PBXBuildFile; fileRef = 2923394D1AA38E0F00A47A39 /* NSString+JSQMessages.m */; };
		292339A61AA38E0F00A47A39 /* UIColor+JSQMessages.m in Sources */ = {isa = PBXBuildFile; fileRef = 2923394F1AA38E0F00A47A39 /* UIColor+JSQMessages.m */; };
		292339A71AA38E0F00A47A39 /* UIDevice+JSQMessages.m in Sources */ = {isa = PBXBuildFile; fileRef = 292339511AA38E0F00A47A39 /* UIDevice+JSQMessages.m */; };
		292339A81AA38E0F00A47A39 /* UIImage+JSQMessages.m in Sources */ = {isa = PBXBuildFile; fileRef = 292339531AA38E0F00A47A39 /* UIImage+JSQMessages.m */; };
		292339A91AA38E0F00A47A39 /* UIView+JSQMessages.m in Sources */ = {isa = PBXBuildFile; fileRef = 292339551AA38E0F00A47A39 /* UIView+JSQMessages.m */; };
		292339AA1AA38E0F00A47A39 /* JSQMessagesKeyboardController.m in Sources */ = {isa = PBXBuildFile; fileRef = 292339581AA38E0F00A47A39 /* JSQMessagesKeyboardController.m */; };
		292339AB1AA38E0F00A47A39 /* JSQMessagesViewController.m in Sources */ = {isa = PBXBuildFile; fileRef = 2923395A1AA38E0F00A47A39 /* JSQMessagesViewController.m */; };
		292339AC1AA38E0F00A47A39 /* JSQMessagesViewController.xib in Resources */ = {isa = PBXBuildFile; fileRef = 2923395B1AA38E0F00A47A39 /* JSQMessagesViewController.xib */; };
		292339AD1AA38E0F00A47A39 /* JSQMessagesAvatarImageFactory.m in Sources */ = {isa = PBXBuildFile; fileRef = 2923395E1AA38E0F00A47A39 /* JSQMessagesAvatarImageFactory.m */; };
		292339AE1AA38E0F00A47A39 /* JSQMessagesBubbleImageFactory.m in Sources */ = {isa = PBXBuildFile; fileRef = 292339601AA38E0F00A47A39 /* JSQMessagesBubbleImageFactory.m */; };
		292339AF1AA38E0F00A47A39 /* JSQMessagesMediaViewBubbleImageMasker.m in Sources */ = {isa = PBXBuildFile; fileRef = 292339621AA38E0F00A47A39 /* JSQMessagesMediaViewBubbleImageMasker.m */; };
		292339B01AA38E0F00A47A39 /* JSQMessagesTimestampFormatter.m in Sources */ = {isa = PBXBuildFile; fileRef = 292339641AA38E0F00A47A39 /* JSQMessagesTimestampFormatter.m */; };
		292339B11AA38E0F00A47A39 /* JSQMessagesToolbarButtonFactory.m in Sources */ = {isa = PBXBuildFile; fileRef = 292339661AA38E0F00A47A39 /* JSQMessagesToolbarButtonFactory.m */; };
		292339B21AA38E0F00A47A39 /* JSQMessagesCollectionViewFlowLayout.m in Sources */ = {isa = PBXBuildFile; fileRef = 2923396A1AA38E0F00A47A39 /* JSQMessagesCollectionViewFlowLayout.m */; };
		292339B31AA38E0F00A47A39 /* JSQMessagesCollectionViewFlowLayoutInvalidationContext.m in Sources */ = {isa = PBXBuildFile; fileRef = 2923396C1AA38E0F00A47A39 /* JSQMessagesCollectionViewFlowLayoutInvalidationContext.m */; };
		292339B41AA38E0F00A47A39 /* JSQMessagesCollectionViewLayoutAttributes.m in Sources */ = {isa = PBXBuildFile; fileRef = 2923396E1AA38E0F00A47A39 /* JSQMessagesCollectionViewLayoutAttributes.m */; };
		292339B51AA38E0F00A47A39 /* JSQLocationMediaItem.m in Sources */ = {isa = PBXBuildFile; fileRef = 292339711AA38E0F00A47A39 /* JSQLocationMediaItem.m */; };
		292339B61AA38E0F00A47A39 /* JSQMediaItem.m in Sources */ = {isa = PBXBuildFile; fileRef = 292339731AA38E0F00A47A39 /* JSQMediaItem.m */; };
		292339B71AA38E0F00A47A39 /* JSQMessage.m in Sources */ = {isa = PBXBuildFile; fileRef = 292339751AA38E0F00A47A39 /* JSQMessage.m */; };
		292339B81AA38E0F00A47A39 /* JSQMessagesAvatarImage.m in Sources */ = {isa = PBXBuildFile; fileRef = 2923397B1AA38E0F00A47A39 /* JSQMessagesAvatarImage.m */; };
		292339B91AA38E0F00A47A39 /* JSQMessagesBubbleImage.m in Sources */ = {isa = PBXBuildFile; fileRef = 2923397D1AA38E0F00A47A39 /* JSQMessagesBubbleImage.m */; };
		292339BA1AA38E0F00A47A39 /* JSQPhotoMediaItem.m in Sources */ = {isa = PBXBuildFile; fileRef = 292339811AA38E0F00A47A39 /* JSQPhotoMediaItem.m */; };
		292339BB1AA38E0F00A47A39 /* JSQVideoMediaItem.m in Sources */ = {isa = PBXBuildFile; fileRef = 292339831AA38E0F00A47A39 /* JSQVideoMediaItem.m */; };
		292339BC1AA38E0F00A47A39 /* JSQMessagesCellTextView.m in Sources */ = {isa = PBXBuildFile; fileRef = 292339861AA38E0F00A47A39 /* JSQMessagesCellTextView.m */; };
		292339BD1AA38E0F00A47A39 /* JSQMessagesCollectionView.m in Sources */ = {isa = PBXBuildFile; fileRef = 292339881AA38E0F00A47A39 /* JSQMessagesCollectionView.m */; };
		292339BE1AA38E0F00A47A39 /* JSQMessagesCollectionViewCell.m in Sources */ = {isa = PBXBuildFile; fileRef = 2923398A1AA38E0F00A47A39 /* JSQMessagesCollectionViewCell.m */; };
		292339BF1AA38E0F00A47A39 /* JSQMessagesCollectionViewCellIncoming.m in Sources */ = {isa = PBXBuildFile; fileRef = 2923398C1AA38E0F00A47A39 /* JSQMessagesCollectionViewCellIncoming.m */; };
		292339C01AA38E0F00A47A39 /* JSQMessagesCollectionViewCellIncoming.xib in Resources */ = {isa = PBXBuildFile; fileRef = 2923398D1AA38E0F00A47A39 /* JSQMessagesCollectionViewCellIncoming.xib */; };
		292339C11AA38E0F00A47A39 /* JSQMessagesCollectionViewCellOutgoing.m in Sources */ = {isa = PBXBuildFile; fileRef = 2923398F1AA38E0F00A47A39 /* JSQMessagesCollectionViewCellOutgoing.m */; };
		292339C21AA38E0F00A47A39 /* JSQMessagesCollectionViewCellOutgoing.xib in Resources */ = {isa = PBXBuildFile; fileRef = 292339901AA38E0F00A47A39 /* JSQMessagesCollectionViewCellOutgoing.xib */; };
		292339C31AA38E0F00A47A39 /* JSQMessagesComposerTextView.m in Sources */ = {isa = PBXBuildFile; fileRef = 292339921AA38E0F00A47A39 /* JSQMessagesComposerTextView.m */; };
		292339C41AA38E0F00A47A39 /* JSQMessagesInputToolbar.m in Sources */ = {isa = PBXBuildFile; fileRef = 292339941AA38E0F00A47A39 /* JSQMessagesInputToolbar.m */; };
		292339C51AA38E0F00A47A39 /* JSQMessagesLabel.m in Sources */ = {isa = PBXBuildFile; fileRef = 292339961AA38E0F00A47A39 /* JSQMessagesLabel.m */; };
		292339C61AA38E0F00A47A39 /* JSQMessagesLoadEarlierHeaderView.m in Sources */ = {isa = PBXBuildFile; fileRef = 292339981AA38E0F00A47A39 /* JSQMessagesLoadEarlierHeaderView.m */; };
		292339C71AA38E0F00A47A39 /* JSQMessagesLoadEarlierHeaderView.xib in Resources */ = {isa = PBXBuildFile; fileRef = 292339991AA38E0F00A47A39 /* JSQMessagesLoadEarlierHeaderView.xib */; };
		292339C81AA38E0F00A47A39 /* JSQMessagesMediaPlaceholderView.m in Sources */ = {isa = PBXBuildFile; fileRef = 2923399B1AA38E0F00A47A39 /* JSQMessagesMediaPlaceholderView.m */; };
		292339C91AA38E0F00A47A39 /* JSQMessagesToolbarContentView.m in Sources */ = {isa = PBXBuildFile; fileRef = 2923399D1AA38E0F00A47A39 /* JSQMessagesToolbarContentView.m */; };
		292339CA1AA38E0F00A47A39 /* JSQMessagesToolbarContentView.xib in Resources */ = {isa = PBXBuildFile; fileRef = 2923399E1AA38E0F00A47A39 /* JSQMessagesToolbarContentView.xib */; };
		292339CB1AA38E0F00A47A39 /* JSQMessagesTypingIndicatorFooterView.m in Sources */ = {isa = PBXBuildFile; fileRef = 292339A01AA38E0F00A47A39 /* JSQMessagesTypingIndicatorFooterView.m */; };
		292339CC1AA38E0F00A47A39 /* JSQMessagesTypingIndicatorFooterView.xib in Resources */ = {isa = PBXBuildFile; fileRef = 292339A11AA38E0F00A47A39 /* JSQMessagesTypingIndicatorFooterView.xib */; };
		292417711AC8AFF40057A40C /* NavigationController.m in Sources */ = {isa = PBXBuildFile; fileRef = 292417351AC8AFF40057A40C /* NavigationController.m */; };
		292417721AC8AFF40057A40C /* ChatView.m in Sources */ = {isa = PBXBuildFile; fileRef = 292417381AC8AFF40057A40C /* ChatView.m */; };
		292417731AC8AFF40057A40C /* GroupsView.m in Sources */ = {isa = PBXBuildFile; fileRef = 2924173C1AC8AFF40057A40C /* GroupsView.m */; };
		292417741AC8AFF40057A40C /* SelectSingleView.m in Sources */ = {isa = PBXBuildFile; fileRef = 292417401AC8AFF40057A40C /* SelectSingleView.m */; };
		292417751AC8AFF40057A40C /* SelectSingleView.xib in Resources */ = {isa = PBXBuildFile; fileRef = 292417411AC8AFF40057A40C /* SelectSingleView.xib */; };
		292417761AC8AFF40057A40C /* SelectMultipleView.m in Sources */ = {isa = PBXBuildFile; fileRef = 292417441AC8AFF40057A40C /* SelectMultipleView.m */; };
		292417771AC8AFF40057A40C /* SelectMultipleView.xib in Resources */ = {isa = PBXBuildFile; fileRef = 292417451AC8AFF40057A40C /* SelectMultipleView.xib */; };
		292417781AC8AFF40057A40C /* AddressBookView.m in Sources */ = {isa = PBXBuildFile; fileRef = 292417481AC8AFF40057A40C /* AddressBookView.m */; };
		292417791AC8AFF40057A40C /* AddressBookView.xib in Resources */ = {isa = PBXBuildFile; fileRef = 292417491AC8AFF40057A40C /* AddressBookView.xib */; };
		2924177A1AC8AFF40057A40C /* FacebookFriendsView.m in Sources */ = {isa = PBXBuildFile; fileRef = 2924174C1AC8AFF40057A40C /* FacebookFriendsView.m */; };
		2924177B1AC8AFF40057A40C /* FacebookFriendsView.xib in Resources */ = {isa = PBXBuildFile; fileRef = 2924174D1AC8AFF40057A40C /* FacebookFriendsView.xib */; };
		2924177C1AC8AFF40057A40C /* MessagesCell.m in Sources */ = {isa = PBXBuildFile; fileRef = 2924174F1AC8AFF40057A40C /* MessagesCell.m */; };
		2924177D1AC8AFF40057A40C /* MessagesCell.xib in Resources */ = {isa = PBXBuildFile; fileRef = 292417501AC8AFF40057A40C /* MessagesCell.xib */; };
		2924177E1AC8AFF40057A40C /* MessagesView.m in Sources */ = {isa = PBXBuildFile; fileRef = 292417521AC8AFF40057A40C /* MessagesView.m */; };
		2924177F1AC8AFF40057A40C /* MessagesView.xib in Resources */ = {isa = PBXBuildFile; fileRef = 292417531AC8AFF40057A40C /* MessagesView.xib */; };
		292417801AC8AFF40057A40C /* ProfileView.m in Sources */ = {isa = PBXBuildFile; fileRef = 292417561AC8AFF40057A40C /* ProfileView.m */; };
		292417811AC8AFF40057A40C /* ProfileView.xib in Resources */ = {isa = PBXBuildFile; fileRef = 292417571AC8AFF40057A40C /* ProfileView.xib */; };
		292417821AC8AFF40057A40C /* LoginView.m in Sources */ = {isa = PBXBuildFile; fileRef = 2924175A1AC8AFF40057A40C /* LoginView.m */; };
		292417831AC8AFF40057A40C /* LoginView.xib in Resources */ = {isa = PBXBuildFile; fileRef = 2924175B1AC8AFF40057A40C /* LoginView.xib */; };
		292417841AC8AFF40057A40C /* RegisterView.m in Sources */ = {isa = PBXBuildFile; fileRef = 2924175D1AC8AFF40057A40C /* RegisterView.m */; };
		292417851AC8AFF40057A40C /* RegisterView.xib in Resources */ = {isa = PBXBuildFile; fileRef = 2924175E1AC8AFF40057A40C /* RegisterView.xib */; };
		292417861AC8AFF40057A40C /* WelcomeView.m in Sources */ = {isa = PBXBuildFile; fileRef = 292417601AC8AFF40057A40C /* WelcomeView.m */; };
		292417871AC8AFF40057A40C /* WelcomeView.xib in Resources */ = {isa = PBXBuildFile; fileRef = 292417611AC8AFF40057A40C /* WelcomeView.xib */; };
		292417881AC8AFF40057A40C /* messages.m in Sources */ = {isa = PBXBuildFile; fileRef = 292417651AC8AFF40057A40C /* messages.m */; };
		292417891AC8AFF40057A40C /* pushnotification.m in Sources */ = {isa = PBXBuildFile; fileRef = 292417671AC8AFF40057A40C /* pushnotification.m */; };
		2924178A1AC8AFF40057A40C /* camera.m in Sources */ = {isa = PBXBuildFile; fileRef = 2924176A1AC8AFF40057A40C /* camera.m */; };
		2924178B1AC8AFF40057A40C /* converters.m in Sources */ = {isa = PBXBuildFile; fileRef = 2924176C1AC8AFF40057A40C /* converters.m */; };
		2924178C1AC8AFF40057A40C /* images.m in Sources */ = {isa = PBXBuildFile; fileRef = 2924176E1AC8AFF40057A40C /* images.m */; };
		2924178D1AC8AFF40057A40C /* utilities.m in Sources */ = {isa = PBXBuildFile; fileRef = 292417701AC8AFF40057A40C /* utilities.m */; };
		292D2EFA1A84497A00CEC270 /* JSQSystemSoundPlayer.m in Sources */ = {isa = PBXBuildFile; fileRef = 292D2EF91A84497A00CEC270 /* JSQSystemSoundPlayer.m */; };
		296DD5E81A1F557900AB9F8C /* ProgressHUD.bundle in Resources */ = {isa = PBXBuildFile; fileRef = 296DD5E51A1F557900AB9F8C /* ProgressHUD.bundle */; };
		296DD5E91A1F557900AB9F8C /* ProgressHUD.m in Sources */ = {isa = PBXBuildFile; fileRef = 296DD5E71A1F557900AB9F8C /* ProgressHUD.m */; };
		29A299501A5574FE00117608 /* Parse.framework in Frameworks */ = {isa = PBXBuildFile; fileRef = 29A2994D1A5574FE00117608 /* Parse.framework */; };
		29A299511A5574FE00117608 /* ParseFacebookUtils.framework in Frameworks */ = {isa = PBXBuildFile; fileRef = 29A2994E1A5574FE00117608 /* ParseFacebookUtils.framework */; };
		29A299521A5574FE00117608 /* ParseUI.framework in Frameworks */ = {isa = PBXBuildFile; fileRef = 29A2994F1A5574FE00117608 /* ParseUI.framework */; };
		29A299541A55752E00117608 /* FacebookSDK.framework in Frameworks */ = {isa = PBXBuildFile; fileRef = 29A299531A55752E00117608 /* FacebookSDK.framework */; };
		29A299561A55757800117608 /* libsqlite3.dylib in Frameworks */ = {isa = PBXBuildFile; fileRef = 29A299551A55757800117608 /* libsqlite3.dylib */; };
		29A299581A55758300117608 /* libz.dylib in Frameworks */ = {isa = PBXBuildFile; fileRef = 29A299571A55758300117608 /* libz.dylib */; };
		29A2995A1A55758B00117608 /* SystemConfiguration.framework in Frameworks */ = {isa = PBXBuildFile; fileRef = 29A299591A55758B00117608 /* SystemConfiguration.framework */; };
		29A2995C1A55759200117608 /* StoreKit.framework in Frameworks */ = {isa = PBXBuildFile; fileRef = 29A2995B1A55759200117608 /* StoreKit.framework */; };
		29A2995E1A55759A00117608 /* Security.framework in Frameworks */ = {isa = PBXBuildFile; fileRef = 29A2995D1A55759A00117608 /* Security.framework */; };
		29A299601A5575A100117608 /* QuartzCore.framework in Frameworks */ = {isa = PBXBuildFile; fileRef = 29A2995F1A5575A100117608 /* QuartzCore.framework */; };
		29A299621A5575A900117608 /* MobileCoreServices.framework in Frameworks */ = {isa = PBXBuildFile; fileRef = 29A299611A5575A900117608 /* MobileCoreServices.framework */; };
		29A299641A5575AF00117608 /* CoreLocation.framework in Frameworks */ = {isa = PBXBuildFile; fileRef = 29A299631A5575AF00117608 /* CoreLocation.framework */; };
		29A299661A5575BF00117608 /* CoreGraphics.framework in Frameworks */ = {isa = PBXBuildFile; fileRef = 29A299651A5575BF00117608 /* CoreGraphics.framework */; };
		29A299681A5575C400117608 /* CFNetwork.framework in Frameworks */ = {isa = PBXBuildFile; fileRef = 29A299671A5575C400117608 /* CFNetwork.framework */; };
		29A2996A1A5575CC00117608 /* AudioToolbox.framework in Frameworks */ = {isa = PBXBuildFile; fileRef = 29A299691A5575CC00117608 /* AudioToolbox.framework */; };
		29A2996E1A55763100117608 /* Social.framework in Frameworks */ = {isa = PBXBuildFile; fileRef = 29A2996D1A55763100117608 /* Social.framework */; };
		29A531301AAEEF9500263CB1 /* chat_blank@2x.png in Resources */ = {isa = PBXBuildFile; fileRef = 29A531261AAEEF9500263CB1 /* chat_blank@2x.png */; };
		29A531311AAEEF9500263CB1 /* messages_blank@2x.png in Resources */ = {isa = PBXBuildFile; fileRef = 29A531281AAEEF9500263CB1 /* messages_blank@2x.png */; };
		29A531331AAEEF9500263CB1 /* profile_blank@2x.png in Resources */ = {isa = PBXBuildFile; fileRef = 29A5312B1AAEEF9500263CB1 /* profile_blank@2x.png */; };
		29A531341AAEEF9500263CB1 /* tab_groups@2x.png in Resources */ = {isa = PBXBuildFile; fileRef = 29A5312D1AAEEF9500263CB1 /* tab_groups@2x.png */; };
		29A531351AAEEF9500263CB1 /* tab_messages@2x.png in Resources */ = {isa = PBXBuildFile; fileRef = 29A5312E1AAEEF9500263CB1 /* tab_messages@2x.png */; };
		29A531361AAEEF9500263CB1 /* tab_profile@2x.png in Resources */ = {isa = PBXBuildFile; fileRef = 29A5312F1AAEEF9500263CB1 /* tab_profile@2x.png */; };
		29EB240B19E9292500D7AA97 /* main.m in Sources */ = {isa = PBXBuildFile; fileRef = 29EB240A19E9292500D7AA97 /* main.m */; };
		29EB240E19E9292500D7AA97 /* AppDelegate.m in Sources */ = {isa = PBXBuildFile; fileRef = 29EB240D19E9292500D7AA97 /* AppDelegate.m */; };
		29EB241619E9292500D7AA97 /* Images.xcassets in Resources */ = {isa = PBXBuildFile; fileRef = 29EB241519E9292500D7AA97 /* Images.xcassets */; };
		29EB241919E9292500D7AA97 /* LaunchScreen.xib in Resources */ = {isa = PBXBuildFile; fileRef = 29EB241719E9292500D7AA97 /* LaunchScreen.xib */; };
/* End PBXBuildFile section */

/* Begin PBXFileReference section */
		292338FF1AA38DBD00A47A39 /* AFHTTPRequestOperation.h */ = {isa = PBXFileReference; fileEncoding = 4; lastKnownFileType = sourcecode.c.h; path = AFHTTPRequestOperation.h; sourceTree = "<group>"; };
		292339001AA38DBD00A47A39 /* AFHTTPRequestOperation.m */ = {isa = PBXFileReference; fileEncoding = 4; lastKnownFileType = sourcecode.c.objc; path = AFHTTPRequestOperation.m; sourceTree = "<group>"; };
		292339011AA38DBD00A47A39 /* AFHTTPRequestOperationManager.h */ = {isa = PBXFileReference; fileEncoding = 4; lastKnownFileType = sourcecode.c.h; path = AFHTTPRequestOperationManager.h; sourceTree = "<group>"; };
		292339021AA38DBD00A47A39 /* AFHTTPRequestOperationManager.m */ = {isa = PBXFileReference; fileEncoding = 4; lastKnownFileType = sourcecode.c.objc; path = AFHTTPRequestOperationManager.m; sourceTree = "<group>"; };
		292339031AA38DBD00A47A39 /* AFHTTPSessionManager.h */ = {isa = PBXFileReference; fileEncoding = 4; lastKnownFileType = sourcecode.c.h; path = AFHTTPSessionManager.h; sourceTree = "<group>"; };
		292339041AA38DBD00A47A39 /* AFHTTPSessionManager.m */ = {isa = PBXFileReference; fileEncoding = 4; lastKnownFileType = sourcecode.c.objc; path = AFHTTPSessionManager.m; sourceTree = "<group>"; };
		292339051AA38DBD00A47A39 /* AFNetworking.h */ = {isa = PBXFileReference; fileEncoding = 4; lastKnownFileType = sourcecode.c.h; path = AFNetworking.h; sourceTree = "<group>"; };
		292339061AA38DBD00A47A39 /* AFNetworkReachabilityManager.h */ = {isa = PBXFileReference; fileEncoding = 4; lastKnownFileType = sourcecode.c.h; path = AFNetworkReachabilityManager.h; sourceTree = "<group>"; };
		292339071AA38DBD00A47A39 /* AFNetworkReachabilityManager.m */ = {isa = PBXFileReference; fileEncoding = 4; lastKnownFileType = sourcecode.c.objc; path = AFNetworkReachabilityManager.m; sourceTree = "<group>"; };
		292339081AA38DBD00A47A39 /* AFSecurityPolicy.h */ = {isa = PBXFileReference; fileEncoding = 4; lastKnownFileType = sourcecode.c.h; path = AFSecurityPolicy.h; sourceTree = "<group>"; };
		292339091AA38DBD00A47A39 /* AFSecurityPolicy.m */ = {isa = PBXFileReference; fileEncoding = 4; lastKnownFileType = sourcecode.c.objc; path = AFSecurityPolicy.m; sourceTree = "<group>"; };
		2923390A1AA38DBD00A47A39 /* AFURLConnectionOperation.h */ = {isa = PBXFileReference; fileEncoding = 4; lastKnownFileType = sourcecode.c.h; path = AFURLConnectionOperation.h; sourceTree = "<group>"; };
		2923390B1AA38DBD00A47A39 /* AFURLConnectionOperation.m */ = {isa = PBXFileReference; fileEncoding = 4; lastKnownFileType = sourcecode.c.objc; path = AFURLConnectionOperation.m; sourceTree = "<group>"; };
		2923390C1AA38DBD00A47A39 /* AFURLRequestSerialization.h */ = {isa = PBXFileReference; fileEncoding = 4; lastKnownFileType = sourcecode.c.h; path = AFURLRequestSerialization.h; sourceTree = "<group>"; };
		2923390D1AA38DBD00A47A39 /* AFURLRequestSerialization.m */ = {isa = PBXFileReference; fileEncoding = 4; lastKnownFileType = sourcecode.c.objc; path = AFURLRequestSerialization.m; sourceTree = "<group>"; };
		2923390E1AA38DBD00A47A39 /* AFURLResponseSerialization.h */ = {isa = PBXFileReference; fileEncoding = 4; lastKnownFileType = sourcecode.c.h; path = AFURLResponseSerialization.h; sourceTree = "<group>"; };
		2923390F1AA38DBD00A47A39 /* AFURLResponseSerialization.m */ = {isa = PBXFileReference; fileEncoding = 4; lastKnownFileType = sourcecode.c.objc; path = AFURLResponseSerialization.m; sourceTree = "<group>"; };
		292339101AA38DBD00A47A39 /* AFURLSessionManager.h */ = {isa = PBXFileReference; fileEncoding = 4; lastKnownFileType = sourcecode.c.h; path = AFURLSessionManager.h; sourceTree = "<group>"; };
		292339111AA38DBD00A47A39 /* AFURLSessionManager.m */ = {isa = PBXFileReference; fileEncoding = 4; lastKnownFileType = sourcecode.c.objc; path = AFURLSessionManager.m; sourceTree = "<group>"; };
		292339131AA38DBD00A47A39 /* AFNetworkActivityIndicatorManager.h */ = {isa = PBXFileReference; fileEncoding = 4; lastKnownFileType = sourcecode.c.h; path = AFNetworkActivityIndicatorManager.h; sourceTree = "<group>"; };
		292339141AA38DBD00A47A39 /* AFNetworkActivityIndicatorManager.m */ = {isa = PBXFileReference; fileEncoding = 4; lastKnownFileType = sourcecode.c.objc; path = AFNetworkActivityIndicatorManager.m; sourceTree = "<group>"; };
		292339151AA38DBD00A47A39 /* UIActivityIndicatorView+AFNetworking.h */ = {isa = PBXFileReference; fileEncoding = 4; lastKnownFileType = sourcecode.c.h; path = "UIActivityIndicatorView+AFNetworking.h"; sourceTree = "<group>"; };
		292339161AA38DBD00A47A39 /* UIActivityIndicatorView+AFNetworking.m */ = {isa = PBXFileReference; fileEncoding = 4; lastKnownFileType = sourcecode.c.objc; path = "UIActivityIndicatorView+AFNetworking.m"; sourceTree = "<group>"; };
		292339171AA38DBD00A47A39 /* UIAlertView+AFNetworking.h */ = {isa = PBXFileReference; fileEncoding = 4; lastKnownFileType = sourcecode.c.h; path = "UIAlertView+AFNetworking.h"; sourceTree = "<group>"; };
		292339181AA38DBD00A47A39 /* UIAlertView+AFNetworking.m */ = {isa = PBXFileReference; fileEncoding = 4; lastKnownFileType = sourcecode.c.objc; path = "UIAlertView+AFNetworking.m"; sourceTree = "<group>"; };
		292339191AA38DBD00A47A39 /* UIButton+AFNetworking.h */ = {isa = PBXFileReference; fileEncoding = 4; lastKnownFileType = sourcecode.c.h; path = "UIButton+AFNetworking.h"; sourceTree = "<group>"; };
		2923391A1AA38DBD00A47A39 /* UIButton+AFNetworking.m */ = {isa = PBXFileReference; fileEncoding = 4; lastKnownFileType = sourcecode.c.objc; path = "UIButton+AFNetworking.m"; sourceTree = "<group>"; };
		2923391B1AA38DBD00A47A39 /* UIImageView+AFNetworking.h */ = {isa = PBXFileReference; fileEncoding = 4; lastKnownFileType = sourcecode.c.h; path = "UIImageView+AFNetworking.h"; sourceTree = "<group>"; };
		2923391C1AA38DBD00A47A39 /* UIImageView+AFNetworking.m */ = {isa = PBXFileReference; fileEncoding = 4; lastKnownFileType = sourcecode.c.objc; path = "UIImageView+AFNetworking.m"; sourceTree = "<group>"; };
		2923391D1AA38DBD00A47A39 /* UIKit+AFNetworking.h */ = {isa = PBXFileReference; fileEncoding = 4; lastKnownFileType = sourcecode.c.h; path = "UIKit+AFNetworking.h"; sourceTree = "<group>"; };
		2923391E1AA38DBD00A47A39 /* UIProgressView+AFNetworking.h */ = {isa = PBXFileReference; fileEncoding = 4; lastKnownFileType = sourcecode.c.h; path = "UIProgressView+AFNetworking.h"; sourceTree = "<group>"; };
		2923391F1AA38DBD00A47A39 /* UIProgressView+AFNetworking.m */ = {isa = PBXFileReference; fileEncoding = 4; lastKnownFileType = sourcecode.c.objc; path = "UIProgressView+AFNetworking.m"; sourceTree = "<group>"; };
		292339201AA38DBD00A47A39 /* UIRefreshControl+AFNetworking.h */ = {isa = PBXFileReference; fileEncoding = 4; lastKnownFileType = sourcecode.c.h; path = "UIRefreshControl+AFNetworking.h"; sourceTree = "<group>"; };
		292339211AA38DBD00A47A39 /* UIRefreshControl+AFNetworking.m */ = {isa = PBXFileReference; fileEncoding = 4; lastKnownFileType = sourcecode.c.objc; path = "UIRefreshControl+AFNetworking.m"; sourceTree = "<group>"; };
		292339221AA38DBD00A47A39 /* UIWebView+AFNetworking.h */ = {isa = PBXFileReference; fileEncoding = 4; lastKnownFileType = sourcecode.c.h; path = "UIWebView+AFNetworking.h"; sourceTree = "<group>"; };
		292339231AA38DBD00A47A39 /* UIWebView+AFNetworking.m */ = {isa = PBXFileReference; fileEncoding = 4; lastKnownFileType = sourcecode.c.objc; path = "UIWebView+AFNetworking.m"; sourceTree = "<group>"; };
		292339371AA38E0F00A47A39 /* JSQMessagesAssets.bundle */ = {isa = PBXFileReference; lastKnownFileType = "wrapper.plug-in"; path = JSQMessagesAssets.bundle; sourceTree = "<group>"; };
		2923393A1AA38E0F00A47A39 /* Base */ = {isa = PBXFileReference; lastKnownFileType = text.plist.strings; name = Base; path = Base.lproj/JSQMessages.strings; sourceTree = "<group>"; };
		2923393B1AA38E0F00A47A39 /* de */ = {isa = PBXFileReference; lastKnownFileType = text.plist.strings; name = de; path = de.lproj/JSQMessages.strings; sourceTree = "<group>"; };
		2923393C1AA38E0F00A47A39 /* en */ = {isa = PBXFileReference; lastKnownFileType = text.plist.strings; name = en; path = en.lproj/JSQMessages.strings; sourceTree = "<group>"; };
		2923393D1AA38E0F00A47A39 /* es */ = {isa = PBXFileReference; lastKnownFileType = text.plist.strings; name = es; path = es.lproj/JSQMessages.strings; sourceTree = "<group>"; };
		2923393E1AA38E0F00A47A39 /* fr */ = {isa = PBXFileReference; lastKnownFileType = text.plist.strings; name = fr; path = fr.lproj/JSQMessages.strings; sourceTree = "<group>"; };
		2923393F1AA38E0F00A47A39 /* he */ = {isa = PBXFileReference; lastKnownFileType = text.plist.strings; name = he; path = he.lproj/JSQMessages.strings; sourceTree = "<group>"; };
		292339401AA38E0F00A47A39 /* it */ = {isa = PBXFileReference; lastKnownFileType = text.plist.strings; name = it; path = it.lproj/JSQMessages.strings; sourceTree = "<group>"; };
		292339411AA38E0F00A47A39 /* nl */ = {isa = PBXFileReference; lastKnownFileType = text.plist.strings; name = nl; path = nl.lproj/JSQMessages.strings; sourceTree = "<group>"; };
		292339421AA38E0F00A47A39 /* pl */ = {isa = PBXFileReference; lastKnownFileType = text.plist.strings; name = pl; path = pl.lproj/JSQMessages.strings; sourceTree = "<group>"; };
		292339431AA38E0F00A47A39 /* pt */ = {isa = PBXFileReference; lastKnownFileType = text.plist.strings; name = pt; path = pt.lproj/JSQMessages.strings; sourceTree = "<group>"; };
		292339441AA38E0F00A47A39 /* ro */ = {isa = PBXFileReference; lastKnownFileType = text.plist.strings; name = ro; path = ro.lproj/JSQMessages.strings; sourceTree = "<group>"; };
		292339451AA38E0F00A47A39 /* ru */ = {isa = PBXFileReference; lastKnownFileType = text.plist.strings; name = ru; path = ru.lproj/JSQMessages.strings; sourceTree = "<group>"; };
		292339461AA38E0F00A47A39 /* tr */ = {isa = PBXFileReference; lastKnownFileType = text.plist.strings; name = tr; path = tr.lproj/JSQMessages.strings; sourceTree = "<group>"; };
		292339471AA38E0F00A47A39 /* zh-Hans */ = {isa = PBXFileReference; lastKnownFileType = text.plist.strings; name = "zh-Hans"; path = "zh-Hans.lproj/JSQMessages.strings"; sourceTree = "<group>"; };
		292339481AA38E0F00A47A39 /* zh-Hant */ = {isa = PBXFileReference; lastKnownFileType = text.plist.strings; name = "zh-Hant"; path = "zh-Hant.lproj/JSQMessages.strings"; sourceTree = "<group>"; };
		2923394A1AA38E0F00A47A39 /* JSQSystemSoundPlayer+JSQMessages.h */ = {isa = PBXFileReference; fileEncoding = 4; lastKnownFileType = sourcecode.c.h; path = "JSQSystemSoundPlayer+JSQMessages.h"; sourceTree = "<group>"; };
		2923394B1AA38E0F00A47A39 /* JSQSystemSoundPlayer+JSQMessages.m */ = {isa = PBXFileReference; fileEncoding = 4; lastKnownFileType = sourcecode.c.objc; path = "JSQSystemSoundPlayer+JSQMessages.m"; sourceTree = "<group>"; };
		2923394C1AA38E0F00A47A39 /* NSString+JSQMessages.h */ = {isa = PBXFileReference; fileEncoding = 4; lastKnownFileType = sourcecode.c.h; path = "NSString+JSQMessages.h"; sourceTree = "<group>"; };
		2923394D1AA38E0F00A47A39 /* NSString+JSQMessages.m */ = {isa = PBXFileReference; fileEncoding = 4; lastKnownFileType = sourcecode.c.objc; path = "NSString+JSQMessages.m"; sourceTree = "<group>"; };
		2923394E1AA38E0F00A47A39 /* UIColor+JSQMessages.h */ = {isa = PBXFileReference; fileEncoding = 4; lastKnownFileType = sourcecode.c.h; path = "UIColor+JSQMessages.h"; sourceTree = "<group>"; };
		2923394F1AA38E0F00A47A39 /* UIColor+JSQMessages.m */ = {isa = PBXFileReference; fileEncoding = 4; lastKnownFileType = sourcecode.c.objc; path = "UIColor+JSQMessages.m"; sourceTree = "<group>"; };
		292339501AA38E0F00A47A39 /* UIDevice+JSQMessages.h */ = {isa = PBXFileReference; fileEncoding = 4; lastKnownFileType = sourcecode.c.h; path = "UIDevice+JSQMessages.h"; sourceTree = "<group>"; };
		292339511AA38E0F00A47A39 /* UIDevice+JSQMessages.m */ = {isa = PBXFileReference; fileEncoding = 4; lastKnownFileType = sourcecode.c.objc; path = "UIDevice+JSQMessages.m"; sourceTree = "<group>"; };
		292339521AA38E0F00A47A39 /* UIImage+JSQMessages.h */ = {isa = PBXFileReference; fileEncoding = 4; lastKnownFileType = sourcecode.c.h; path = "UIImage+JSQMessages.h"; sourceTree = "<group>"; };
		292339531AA38E0F00A47A39 /* UIImage+JSQMessages.m */ = {isa = PBXFileReference; fileEncoding = 4; lastKnownFileType = sourcecode.c.objc; path = "UIImage+JSQMessages.m"; sourceTree = "<group>"; };
		292339541AA38E0F00A47A39 /* UIView+JSQMessages.h */ = {isa = PBXFileReference; fileEncoding = 4; lastKnownFileType = sourcecode.c.h; path = "UIView+JSQMessages.h"; sourceTree = "<group>"; };
		292339551AA38E0F00A47A39 /* UIView+JSQMessages.m */ = {isa = PBXFileReference; fileEncoding = 4; lastKnownFileType = sourcecode.c.objc; path = "UIView+JSQMessages.m"; sourceTree = "<group>"; };
		292339571AA38E0F00A47A39 /* JSQMessagesKeyboardController.h */ = {isa = PBXFileReference; fileEncoding = 4; lastKnownFileType = sourcecode.c.h; path = JSQMessagesKeyboardController.h; sourceTree = "<group>"; };
		292339581AA38E0F00A47A39 /* JSQMessagesKeyboardController.m */ = {isa = PBXFileReference; fileEncoding = 4; lastKnownFileType = sourcecode.c.objc; path = JSQMessagesKeyboardController.m; sourceTree = "<group>"; };
		292339591AA38E0F00A47A39 /* JSQMessagesViewController.h */ = {isa = PBXFileReference; fileEncoding = 4; lastKnownFileType = sourcecode.c.h; path = JSQMessagesViewController.h; sourceTree = "<group>"; };
		2923395A1AA38E0F00A47A39 /* JSQMessagesViewController.m */ = {isa = PBXFileReference; fileEncoding = 4; lastKnownFileType = sourcecode.c.objc; path = JSQMessagesViewController.m; sourceTree = "<group>"; };
		2923395B1AA38E0F00A47A39 /* JSQMessagesViewController.xib */ = {isa = PBXFileReference; fileEncoding = 4; lastKnownFileType = file.xib; path = JSQMessagesViewController.xib; sourceTree = "<group>"; };
		2923395D1AA38E0F00A47A39 /* JSQMessagesAvatarImageFactory.h */ = {isa = PBXFileReference; fileEncoding = 4; lastKnownFileType = sourcecode.c.h; path = JSQMessagesAvatarImageFactory.h; sourceTree = "<group>"; };
		2923395E1AA38E0F00A47A39 /* JSQMessagesAvatarImageFactory.m */ = {isa = PBXFileReference; fileEncoding = 4; lastKnownFileType = sourcecode.c.objc; path = JSQMessagesAvatarImageFactory.m; sourceTree = "<group>"; };
		2923395F1AA38E0F00A47A39 /* JSQMessagesBubbleImageFactory.h */ = {isa = PBXFileReference; fileEncoding = 4; lastKnownFileType = sourcecode.c.h; path = JSQMessagesBubbleImageFactory.h; sourceTree = "<group>"; };
		292339601AA38E0F00A47A39 /* JSQMessagesBubbleImageFactory.m */ = {isa = PBXFileReference; fileEncoding = 4; lastKnownFileType = sourcecode.c.objc; path = JSQMessagesBubbleImageFactory.m; sourceTree = "<group>"; };
		292339611AA38E0F00A47A39 /* JSQMessagesMediaViewBubbleImageMasker.h */ = {isa = PBXFileReference; fileEncoding = 4; lastKnownFileType = sourcecode.c.h; path = JSQMessagesMediaViewBubbleImageMasker.h; sourceTree = "<group>"; };
		292339621AA38E0F00A47A39 /* JSQMessagesMediaViewBubbleImageMasker.m */ = {isa = PBXFileReference; fileEncoding = 4; lastKnownFileType = sourcecode.c.objc; path = JSQMessagesMediaViewBubbleImageMasker.m; sourceTree = "<group>"; };
		292339631AA38E0F00A47A39 /* JSQMessagesTimestampFormatter.h */ = {isa = PBXFileReference; fileEncoding = 4; lastKnownFileType = sourcecode.c.h; path = JSQMessagesTimestampFormatter.h; sourceTree = "<group>"; };
		292339641AA38E0F00A47A39 /* JSQMessagesTimestampFormatter.m */ = {isa = PBXFileReference; fileEncoding = 4; lastKnownFileType = sourcecode.c.objc; path = JSQMessagesTimestampFormatter.m; sourceTree = "<group>"; };
		292339651AA38E0F00A47A39 /* JSQMessagesToolbarButtonFactory.h */ = {isa = PBXFileReference; fileEncoding = 4; lastKnownFileType = sourcecode.c.h; path = JSQMessagesToolbarButtonFactory.h; sourceTree = "<group>"; };
		292339661AA38E0F00A47A39 /* JSQMessagesToolbarButtonFactory.m */ = {isa = PBXFileReference; fileEncoding = 4; lastKnownFileType = sourcecode.c.objc; path = JSQMessagesToolbarButtonFactory.m; sourceTree = "<group>"; };
		292339671AA38E0F00A47A39 /* JSQMessages.h */ = {isa = PBXFileReference; fileEncoding = 4; lastKnownFileType = sourcecode.c.h; path = JSQMessages.h; sourceTree = "<group>"; };
		292339691AA38E0F00A47A39 /* JSQMessagesCollectionViewFlowLayout.h */ = {isa = PBXFileReference; fileEncoding = 4; lastKnownFileType = sourcecode.c.h; path = JSQMessagesCollectionViewFlowLayout.h; sourceTree = "<group>"; };
		2923396A1AA38E0F00A47A39 /* JSQMessagesCollectionViewFlowLayout.m */ = {isa = PBXFileReference; fileEncoding = 4; lastKnownFileType = sourcecode.c.objc; path = JSQMessagesCollectionViewFlowLayout.m; sourceTree = "<group>"; };
		2923396B1AA38E0F00A47A39 /* JSQMessagesCollectionViewFlowLayoutInvalidationContext.h */ = {isa = PBXFileReference; fileEncoding = 4; lastKnownFileType = sourcecode.c.h; path = JSQMessagesCollectionViewFlowLayoutInvalidationContext.h; sourceTree = "<group>"; };
		2923396C1AA38E0F00A47A39 /* JSQMessagesCollectionViewFlowLayoutInvalidationContext.m */ = {isa = PBXFileReference; fileEncoding = 4; lastKnownFileType = sourcecode.c.objc; path = JSQMessagesCollectionViewFlowLayoutInvalidationContext.m; sourceTree = "<group>"; };
		2923396D1AA38E0F00A47A39 /* JSQMessagesCollectionViewLayoutAttributes.h */ = {isa = PBXFileReference; fileEncoding = 4; lastKnownFileType = sourcecode.c.h; path = JSQMessagesCollectionViewLayoutAttributes.h; sourceTree = "<group>"; };
		2923396E1AA38E0F00A47A39 /* JSQMessagesCollectionViewLayoutAttributes.m */ = {isa = PBXFileReference; fileEncoding = 4; lastKnownFileType = sourcecode.c.objc; path = JSQMessagesCollectionViewLayoutAttributes.m; sourceTree = "<group>"; };
		292339701AA38E0F00A47A39 /* JSQLocationMediaItem.h */ = {isa = PBXFileReference; fileEncoding = 4; lastKnownFileType = sourcecode.c.h; path = JSQLocationMediaItem.h; sourceTree = "<group>"; };
		292339711AA38E0F00A47A39 /* JSQLocationMediaItem.m */ = {isa = PBXFileReference; fileEncoding = 4; lastKnownFileType = sourcecode.c.objc; path = JSQLocationMediaItem.m; sourceTree = "<group>"; };
		292339721AA38E0F00A47A39 /* JSQMediaItem.h */ = {isa = PBXFileReference; fileEncoding = 4; lastKnownFileType = sourcecode.c.h; path = JSQMediaItem.h; sourceTree = "<group>"; };
		292339731AA38E0F00A47A39 /* JSQMediaItem.m */ = {isa = PBXFileReference; fileEncoding = 4; lastKnownFileType = sourcecode.c.objc; path = JSQMediaItem.m; sourceTree = "<group>"; };
		292339741AA38E0F00A47A39 /* JSQMessage.h */ = {isa = PBXFileReference; fileEncoding = 4; lastKnownFileType = sourcecode.c.h; path = JSQMessage.h; sourceTree = "<group>"; };
		292339751AA38E0F00A47A39 /* JSQMessage.m */ = {isa = PBXFileReference; fileEncoding = 4; lastKnownFileType = sourcecode.c.objc; path = JSQMessage.m; sourceTree = "<group>"; };
		292339761AA38E0F00A47A39 /* JSQMessageAvatarImageDataSource.h */ = {isa = PBXFileReference; fileEncoding = 4; lastKnownFileType = sourcecode.c.h; path = JSQMessageAvatarImageDataSource.h; sourceTree = "<group>"; };
		292339771AA38E0F00A47A39 /* JSQMessageBubbleImageDataSource.h */ = {isa = PBXFileReference; fileEncoding = 4; lastKnownFileType = sourcecode.c.h; path = JSQMessageBubbleImageDataSource.h; sourceTree = "<group>"; };
		292339781AA38E0F00A47A39 /* JSQMessageData.h */ = {isa = PBXFileReference; fileEncoding = 4; lastKnownFileType = sourcecode.c.h; path = JSQMessageData.h; sourceTree = "<group>"; };
		292339791AA38E0F00A47A39 /* JSQMessageMediaData.h */ = {isa = PBXFileReference; fileEncoding = 4; lastKnownFileType = sourcecode.c.h; path = JSQMessageMediaData.h; sourceTree = "<group>"; };
		2923397A1AA38E0F00A47A39 /* JSQMessagesAvatarImage.h */ = {isa = PBXFileReference; fileEncoding = 4; lastKnownFileType = sourcecode.c.h; path = JSQMessagesAvatarImage.h; sourceTree = "<group>"; };
		2923397B1AA38E0F00A47A39 /* JSQMessagesAvatarImage.m */ = {isa = PBXFileReference; fileEncoding = 4; lastKnownFileType = sourcecode.c.objc; path = JSQMessagesAvatarImage.m; sourceTree = "<group>"; };
		2923397C1AA38E0F00A47A39 /* JSQMessagesBubbleImage.h */ = {isa = PBXFileReference; fileEncoding = 4; lastKnownFileType = sourcecode.c.h; path = JSQMessagesBubbleImage.h; sourceTree = "<group>"; };
		2923397D1AA38E0F00A47A39 /* JSQMessagesBubbleImage.m */ = {isa = PBXFileReference; fileEncoding = 4; lastKnownFileType = sourcecode.c.objc; path = JSQMessagesBubbleImage.m; sourceTree = "<group>"; };
		2923397E1AA38E0F00A47A39 /* JSQMessagesCollectionViewDataSource.h */ = {isa = PBXFileReference; fileEncoding = 4; lastKnownFileType = sourcecode.c.h; path = JSQMessagesCollectionViewDataSource.h; sourceTree = "<group>"; };
		2923397F1AA38E0F00A47A39 /* JSQMessagesCollectionViewDelegateFlowLayout.h */ = {isa = PBXFileReference; fileEncoding = 4; lastKnownFileType = sourcecode.c.h; path = JSQMessagesCollectionViewDelegateFlowLayout.h; sourceTree = "<group>"; };
		292339801AA38E0F00A47A39 /* JSQPhotoMediaItem.h */ = {isa = PBXFileReference; fileEncoding = 4; lastKnownFileType = sourcecode.c.h; path = JSQPhotoMediaItem.h; sourceTree = "<group>"; };
		292339811AA38E0F00A47A39 /* JSQPhotoMediaItem.m */ = {isa = PBXFileReference; fileEncoding = 4; lastKnownFileType = sourcecode.c.objc; path = JSQPhotoMediaItem.m; sourceTree = "<group>"; };
		292339821AA38E0F00A47A39 /* JSQVideoMediaItem.h */ = {isa = PBXFileReference; fileEncoding = 4; lastKnownFileType = sourcecode.c.h; path = JSQVideoMediaItem.h; sourceTree = "<group>"; };
		292339831AA38E0F00A47A39 /* JSQVideoMediaItem.m */ = {isa = PBXFileReference; fileEncoding = 4; lastKnownFileType = sourcecode.c.objc; path = JSQVideoMediaItem.m; sourceTree = "<group>"; };
		292339851AA38E0F00A47A39 /* JSQMessagesCellTextView.h */ = {isa = PBXFileReference; fileEncoding = 4; lastKnownFileType = sourcecode.c.h; path = JSQMessagesCellTextView.h; sourceTree = "<group>"; };
		292339861AA38E0F00A47A39 /* JSQMessagesCellTextView.m */ = {isa = PBXFileReference; fileEncoding = 4; lastKnownFileType = sourcecode.c.objc; path = JSQMessagesCellTextView.m; sourceTree = "<group>"; };
		292339871AA38E0F00A47A39 /* JSQMessagesCollectionView.h */ = {isa = PBXFileReference; fileEncoding = 4; lastKnownFileType = sourcecode.c.h; path = JSQMessagesCollectionView.h; sourceTree = "<group>"; };
		292339881AA38E0F00A47A39 /* JSQMessagesCollectionView.m */ = {isa = PBXFileReference; fileEncoding = 4; lastKnownFileType = sourcecode.c.objc; path = JSQMessagesCollectionView.m; sourceTree = "<group>"; };
		292339891AA38E0F00A47A39 /* JSQMessagesCollectionViewCell.h */ = {isa = PBXFileReference; fileEncoding = 4; lastKnownFileType = sourcecode.c.h; path = JSQMessagesCollectionViewCell.h; sourceTree = "<group>"; };
		2923398A1AA38E0F00A47A39 /* JSQMessagesCollectionViewCell.m */ = {isa = PBXFileReference; fileEncoding = 4; lastKnownFileType = sourcecode.c.objc; path = JSQMessagesCollectionViewCell.m; sourceTree = "<group>"; };
		2923398B1AA38E0F00A47A39 /* JSQMessagesCollectionViewCellIncoming.h */ = {isa = PBXFileReference; fileEncoding = 4; lastKnownFileType = sourcecode.c.h; path = JSQMessagesCollectionViewCellIncoming.h; sourceTree = "<group>"; };
		2923398C1AA38E0F00A47A39 /* JSQMessagesCollectionViewCellIncoming.m */ = {isa = PBXFileReference; fileEncoding = 4; lastKnownFileType = sourcecode.c.objc; path = JSQMessagesCollectionViewCellIncoming.m; sourceTree = "<group>"; };
		2923398D1AA38E0F00A47A39 /* JSQMessagesCollectionViewCellIncoming.xib */ = {isa = PBXFileReference; fileEncoding = 4; lastKnownFileType = file.xib; path = JSQMessagesCollectionViewCellIncoming.xib; sourceTree = "<group>"; };
		2923398E1AA38E0F00A47A39 /* JSQMessagesCollectionViewCellOutgoing.h */ = {isa = PBXFileReference; fileEncoding = 4; lastKnownFileType = sourcecode.c.h; path = JSQMessagesCollectionViewCellOutgoing.h; sourceTree = "<group>"; };
		2923398F1AA38E0F00A47A39 /* JSQMessagesCollectionViewCellOutgoing.m */ = {isa = PBXFileReference; fileEncoding = 4; lastKnownFileType = sourcecode.c.objc; path = JSQMessagesCollectionViewCellOutgoing.m; sourceTree = "<group>"; };
		292339901AA38E0F00A47A39 /* JSQMessagesCollectionViewCellOutgoing.xib */ = {isa = PBXFileReference; fileEncoding = 4; lastKnownFileType = file.xib; path = JSQMessagesCollectionViewCellOutgoing.xib; sourceTree = "<group>"; };
		292339911AA38E0F00A47A39 /* JSQMessagesComposerTextView.h */ = {isa = PBXFileReference; fileEncoding = 4; lastKnownFileType = sourcecode.c.h; path = JSQMessagesComposerTextView.h; sourceTree = "<group>"; };
		292339921AA38E0F00A47A39 /* JSQMessagesComposerTextView.m */ = {isa = PBXFileReference; fileEncoding = 4; lastKnownFileType = sourcecode.c.objc; path = JSQMessagesComposerTextView.m; sourceTree = "<group>"; };
		292339931AA38E0F00A47A39 /* JSQMessagesInputToolbar.h */ = {isa = PBXFileReference; fileEncoding = 4; lastKnownFileType = sourcecode.c.h; path = JSQMessagesInputToolbar.h; sourceTree = "<group>"; };
		292339941AA38E0F00A47A39 /* JSQMessagesInputToolbar.m */ = {isa = PBXFileReference; fileEncoding = 4; lastKnownFileType = sourcecode.c.objc; path = JSQMessagesInputToolbar.m; sourceTree = "<group>"; };
		292339951AA38E0F00A47A39 /* JSQMessagesLabel.h */ = {isa = PBXFileReference; fileEncoding = 4; lastKnownFileType = sourcecode.c.h; path = JSQMessagesLabel.h; sourceTree = "<group>"; };
		292339961AA38E0F00A47A39 /* JSQMessagesLabel.m */ = {isa = PBXFileReference; fileEncoding = 4; lastKnownFileType = sourcecode.c.objc; path = JSQMessagesLabel.m; sourceTree = "<group>"; };
		292339971AA38E0F00A47A39 /* JSQMessagesLoadEarlierHeaderView.h */ = {isa = PBXFileReference; fileEncoding = 4; lastKnownFileType = sourcecode.c.h; path = JSQMessagesLoadEarlierHeaderView.h; sourceTree = "<group>"; };
		292339981AA38E0F00A47A39 /* JSQMessagesLoadEarlierHeaderView.m */ = {isa = PBXFileReference; fileEncoding = 4; lastKnownFileType = sourcecode.c.objc; path = JSQMessagesLoadEarlierHeaderView.m; sourceTree = "<group>"; };
		292339991AA38E0F00A47A39 /* JSQMessagesLoadEarlierHeaderView.xib */ = {isa = PBXFileReference; fileEncoding = 4; lastKnownFileType = file.xib; path = JSQMessagesLoadEarlierHeaderView.xib; sourceTree = "<group>"; };
		2923399A1AA38E0F00A47A39 /* JSQMessagesMediaPlaceholderView.h */ = {isa = PBXFileReference; fileEncoding = 4; lastKnownFileType = sourcecode.c.h; path = JSQMessagesMediaPlaceholderView.h; sourceTree = "<group>"; };
		2923399B1AA38E0F00A47A39 /* JSQMessagesMediaPlaceholderView.m */ = {isa = PBXFileReference; fileEncoding = 4; lastKnownFileType = sourcecode.c.objc; path = JSQMessagesMediaPlaceholderView.m; sourceTree = "<group>"; };
		2923399C1AA38E0F00A47A39 /* JSQMessagesToolbarContentView.h */ = {isa = PBXFileReference; fileEncoding = 4; lastKnownFileType = sourcecode.c.h; path = JSQMessagesToolbarContentView.h; sourceTree = "<group>"; };
		2923399D1AA38E0F00A47A39 /* JSQMessagesToolbarContentView.m */ = {isa = PBXFileReference; fileEncoding = 4; lastKnownFileType = sourcecode.c.objc; path = JSQMessagesToolbarContentView.m; sourceTree = "<group>"; };
		2923399E1AA38E0F00A47A39 /* JSQMessagesToolbarContentView.xib */ = {isa = PBXFileReference; fileEncoding = 4; lastKnownFileType = file.xib; path = JSQMessagesToolbarContentView.xib; sourceTree = "<group>"; };
		2923399F1AA38E0F00A47A39 /* JSQMessagesTypingIndicatorFooterView.h */ = {isa = PBXFileReference; fileEncoding = 4; lastKnownFileType = sourcecode.c.h; path = JSQMessagesTypingIndicatorFooterView.h; sourceTree = "<group>"; };
		292339A01AA38E0F00A47A39 /* JSQMessagesTypingIndicatorFooterView.m */ = {isa = PBXFileReference; fileEncoding = 4; lastKnownFileType = sourcecode.c.objc; path = JSQMessagesTypingIndicatorFooterView.m; sourceTree = "<group>"; };
		292339A11AA38E0F00A47A39 /* JSQMessagesTypingIndicatorFooterView.xib */ = {isa = PBXFileReference; fileEncoding = 4; lastKnownFileType = file.xib; path = JSQMessagesTypingIndicatorFooterView.xib; sourceTree = "<group>"; };
		292417341AC8AFF40057A40C /* NavigationController.h */ = {isa = PBXFileReference; fileEncoding = 4; lastKnownFileType = sourcecode.c.h; path = NavigationController.h; sourceTree = "<group>"; };
		292417351AC8AFF40057A40C /* NavigationController.m */ = {isa = PBXFileReference; fileEncoding = 4; lastKnownFileType = sourcecode.c.objc; path = NavigationController.m; sourceTree = "<group>"; };
		292417371AC8AFF40057A40C /* ChatView.h */ = {isa = PBXFileReference; fileEncoding = 4; lastKnownFileType = sourcecode.c.h; path = ChatView.h; sourceTree = "<group>"; };
		292417381AC8AFF40057A40C /* ChatView.m */ = {isa = PBXFileReference; fileEncoding = 4; lastKnownFileType = sourcecode.c.objc; path = ChatView.m; sourceTree = "<group>"; };
		2924173B1AC8AFF40057A40C /* GroupsView.h */ = {isa = PBXFileReference; fileEncoding = 4; lastKnownFileType = sourcecode.c.h; path = GroupsView.h; sourceTree = "<group>"; };
		2924173C1AC8AFF40057A40C /* GroupsView.m */ = {isa = PBXFileReference; fileEncoding = 4; lastKnownFileType = sourcecode.c.objc; path = GroupsView.m; sourceTree = "<group>"; };
		2924173F1AC8AFF40057A40C /* SelectSingleView.h */ = {isa = PBXFileReference; fileEncoding = 4; lastKnownFileType = sourcecode.c.h; path = SelectSingleView.h; sourceTree = "<group>"; };
		292417401AC8AFF40057A40C /* SelectSingleView.m */ = {isa = PBXFileReference; fileEncoding = 4; lastKnownFileType = sourcecode.c.objc; path = SelectSingleView.m; sourceTree = "<group>"; };
		292417411AC8AFF40057A40C /* SelectSingleView.xib */ = {isa = PBXFileReference; fileEncoding = 4; lastKnownFileType = file.xib; path = SelectSingleView.xib; sourceTree = "<group>"; };
		292417431AC8AFF40057A40C /* SelectMultipleView.h */ = {isa = PBXFileReference; fileEncoding = 4; lastKnownFileType = sourcecode.c.h; path = SelectMultipleView.h; sourceTree = "<group>"; };
		292417441AC8AFF40057A40C /* SelectMultipleView.m */ = {isa = PBXFileReference; fileEncoding = 4; lastKnownFileType = sourcecode.c.objc; path = SelectMultipleView.m; sourceTree = "<group>"; };
		292417451AC8AFF40057A40C /* SelectMultipleView.xib */ = {isa = PBXFileReference; fileEncoding = 4; lastKnownFileType = file.xib; path = SelectMultipleView.xib; sourceTree = "<group>"; };
		292417471AC8AFF40057A40C /* AddressBookView.h */ = {isa = PBXFileReference; fileEncoding = 4; lastKnownFileType = sourcecode.c.h; path = AddressBookView.h; sourceTree = "<group>"; };
		292417481AC8AFF40057A40C /* AddressBookView.m */ = {isa = PBXFileReference; fileEncoding = 4; lastKnownFileType = sourcecode.c.objc; path = AddressBookView.m; sourceTree = "<group>"; };
		292417491AC8AFF40057A40C /* AddressBookView.xib */ = {isa = PBXFileReference; fileEncoding = 4; lastKnownFileType = file.xib; path = AddressBookView.xib; sourceTree = "<group>"; };
		2924174B1AC8AFF40057A40C /* FacebookFriendsView.h */ = {isa = PBXFileReference; fileEncoding = 4; lastKnownFileType = sourcecode.c.h; path = FacebookFriendsView.h; sourceTree = "<group>"; };
		2924174C1AC8AFF40057A40C /* FacebookFriendsView.m */ = {isa = PBXFileReference; fileEncoding = 4; lastKnownFileType = sourcecode.c.objc; path = FacebookFriendsView.m; sourceTree = "<group>"; };
		2924174D1AC8AFF40057A40C /* FacebookFriendsView.xib */ = {isa = PBXFileReference; fileEncoding = 4; lastKnownFileType = file.xib; path = FacebookFriendsView.xib; sourceTree = "<group>"; };
		2924174E1AC8AFF40057A40C /* MessagesCell.h */ = {isa = PBXFileReference; fileEncoding = 4; lastKnownFileType = sourcecode.c.h; path = MessagesCell.h; sourceTree = "<group>"; };
		2924174F1AC8AFF40057A40C /* MessagesCell.m */ = {isa = PBXFileReference; fileEncoding = 4; lastKnownFileType = sourcecode.c.objc; path = MessagesCell.m; sourceTree = "<group>"; };
		292417501AC8AFF40057A40C /* MessagesCell.xib */ = {isa = PBXFileReference; fileEncoding = 4; lastKnownFileType = file.xib; path = MessagesCell.xib; sourceTree = "<group>"; };
		292417511AC8AFF40057A40C /* MessagesView.h */ = {isa = PBXFileReference; fileEncoding = 4; lastKnownFileType = sourcecode.c.h; path = MessagesView.h; sourceTree = "<group>"; };
		292417521AC8AFF40057A40C /* MessagesView.m */ = {isa = PBXFileReference; fileEncoding = 4; lastKnownFileType = sourcecode.c.objc; path = MessagesView.m; sourceTree = "<group>"; };
		292417531AC8AFF40057A40C /* MessagesView.xib */ = {isa = PBXFileReference; fileEncoding = 4; lastKnownFileType = file.xib; path = MessagesView.xib; sourceTree = "<group>"; };
		292417551AC8AFF40057A40C /* ProfileView.h */ = {isa = PBXFileReference; fileEncoding = 4; lastKnownFileType = sourcecode.c.h; path = ProfileView.h; sourceTree = "<group>"; };
		292417561AC8AFF40057A40C /* ProfileView.m */ = {isa = PBXFileReference; fileEncoding = 4; lastKnownFileType = sourcecode.c.objc; path = ProfileView.m; sourceTree = "<group>"; };
		292417571AC8AFF40057A40C /* ProfileView.xib */ = {isa = PBXFileReference; fileEncoding = 4; lastKnownFileType = file.xib; path = ProfileView.xib; sourceTree = "<group>"; };
		292417591AC8AFF40057A40C /* LoginView.h */ = {isa = PBXFileReference; fileEncoding = 4; lastKnownFileType = sourcecode.c.h; path = LoginView.h; sourceTree = "<group>"; };
		2924175A1AC8AFF40057A40C /* LoginView.m */ = {isa = PBXFileReference; fileEncoding = 4; lastKnownFileType = sourcecode.c.objc; path = LoginView.m; sourceTree = "<group>"; };
		2924175B1AC8AFF40057A40C /* LoginView.xib */ = {isa = PBXFileReference; fileEncoding = 4; lastKnownFileType = file.xib; path = LoginView.xib; sourceTree = "<group>"; };
		2924175C1AC8AFF40057A40C /* RegisterView.h */ = {isa = PBXFileReference; fileEncoding = 4; lastKnownFileType = sourcecode.c.h; path = RegisterView.h; sourceTree = "<group>"; };
		2924175D1AC8AFF40057A40C /* RegisterView.m */ = {isa = PBXFileReference; fileEncoding = 4; lastKnownFileType = sourcecode.c.objc; path = RegisterView.m; sourceTree = "<group>"; };
		2924175E1AC8AFF40057A40C /* RegisterView.xib */ = {isa = PBXFileReference; fileEncoding = 4; lastKnownFileType = file.xib; path = RegisterView.xib; sourceTree = "<group>"; };
		2924175F1AC8AFF40057A40C /* WelcomeView.h */ = {isa = PBXFileReference; fileEncoding = 4; lastKnownFileType = sourcecode.c.h; path = WelcomeView.h; sourceTree = "<group>"; };
		292417601AC8AFF40057A40C /* WelcomeView.m */ = {isa = PBXFileReference; fileEncoding = 4; lastKnownFileType = sourcecode.c.objc; path = WelcomeView.m; sourceTree = "<group>"; };
		292417611AC8AFF40057A40C /* WelcomeView.xib */ = {isa = PBXFileReference; fileEncoding = 4; lastKnownFileType = file.xib; path = WelcomeView.xib; sourceTree = "<group>"; };
		292417641AC8AFF40057A40C /* messages.h */ = {isa = PBXFileReference; fileEncoding = 4; lastKnownFileType = sourcecode.c.h; path = messages.h; sourceTree = "<group>"; };
		292417651AC8AFF40057A40C /* messages.m */ = {isa = PBXFileReference; fileEncoding = 4; lastKnownFileType = sourcecode.c.objc; path = messages.m; sourceTree = "<group>"; };
		292417661AC8AFF40057A40C /* pushnotification.h */ = {isa = PBXFileReference; fileEncoding = 4; lastKnownFileType = sourcecode.c.h; path = pushnotification.h; sourceTree = "<group>"; };
		292417671AC8AFF40057A40C /* pushnotification.m */ = {isa = PBXFileReference; fileEncoding = 4; lastKnownFileType = sourcecode.c.objc; path = pushnotification.m; sourceTree = "<group>"; };
		292417691AC8AFF40057A40C /* camera.h */ = {isa = PBXFileReference; fileEncoding = 4; lastKnownFileType = sourcecode.c.h; path = camera.h; sourceTree = "<group>"; };
		2924176A1AC8AFF40057A40C /* camera.m */ = {isa = PBXFileReference; fileEncoding = 4; lastKnownFileType = sourcecode.c.objc; path = camera.m; sourceTree = "<group>"; };
		2924176B1AC8AFF40057A40C /* converters.h */ = {isa = PBXFileReference; fileEncoding = 4; lastKnownFileType = sourcecode.c.h; path = converters.h; sourceTree = "<group>"; };
		2924176C1AC8AFF40057A40C /* converters.m */ = {isa = PBXFileReference; fileEncoding = 4; lastKnownFileType = sourcecode.c.objc; path = converters.m; sourceTree = "<group>"; };
		2924176D1AC8AFF40057A40C /* images.h */ = {isa = PBXFileReference; fileEncoding = 4; lastKnownFileType = sourcecode.c.h; path = images.h; sourceTree = "<group>"; };
		2924176E1AC8AFF40057A40C /* images.m */ = {isa = PBXFileReference; fileEncoding = 4; lastKnownFileType = sourcecode.c.objc; path = images.m; sourceTree = "<group>"; };
		2924176F1AC8AFF40057A40C /* utilities.h */ = {isa = PBXFileReference; fileEncoding = 4; lastKnownFileType = sourcecode.c.h; path = utilities.h; sourceTree = "<group>"; };
		292417701AC8AFF40057A40C /* utilities.m */ = {isa = PBXFileReference; fileEncoding = 4; lastKnownFileType = sourcecode.c.objc; path = utilities.m; sourceTree = "<group>"; };
		292D2EF81A84497A00CEC270 /* JSQSystemSoundPlayer.h */ = {isa = PBXFileReference; fileEncoding = 4; lastKnownFileType = sourcecode.c.h; path = JSQSystemSoundPlayer.h; sourceTree = "<group>"; };
		292D2EF91A84497A00CEC270 /* JSQSystemSoundPlayer.m */ = {isa = PBXFileReference; fileEncoding = 4; lastKnownFileType = sourcecode.c.objc; path = JSQSystemSoundPlayer.m; sourceTree = "<group>"; };
		296DD5E51A1F557900AB9F8C /* ProgressHUD.bundle */ = {isa = PBXFileReference; lastKnownFileType = "wrapper.plug-in"; path = ProgressHUD.bundle; sourceTree = "<group>"; };
		296DD5E61A1F557900AB9F8C /* ProgressHUD.h */ = {isa = PBXFileReference; fileEncoding = 4; lastKnownFileType = sourcecode.c.h; path = ProgressHUD.h; sourceTree = "<group>"; };
		296DD5E71A1F557900AB9F8C /* ProgressHUD.m */ = {isa = PBXFileReference; fileEncoding = 4; lastKnownFileType = sourcecode.c.objc; path = ProgressHUD.m; sourceTree = "<group>"; };
		29A2994D1A5574FE00117608 /* Parse.framework */ = {isa = PBXFileReference; lastKnownFileType = wrapper.framework; path = Parse.framework; sourceTree = "<group>"; };
		29A2994E1A5574FE00117608 /* ParseFacebookUtils.framework */ = {isa = PBXFileReference; lastKnownFileType = wrapper.framework; path = ParseFacebookUtils.framework; sourceTree = "<group>"; };
		29A2994F1A5574FE00117608 /* ParseUI.framework */ = {isa = PBXFileReference; lastKnownFileType = wrapper.framework; path = ParseUI.framework; sourceTree = "<group>"; };
		29A299531A55752E00117608 /* FacebookSDK.framework */ = {isa = PBXFileReference; lastKnownFileType = wrapper.framework; path = FacebookSDK.framework; sourceTree = "<group>"; };
		29A299551A55757800117608 /* libsqlite3.dylib */ = {isa = PBXFileReference; lastKnownFileType = "compiled.mach-o.dylib"; name = libsqlite3.dylib; path = usr/lib/libsqlite3.dylib; sourceTree = SDKROOT; };
		29A299571A55758300117608 /* libz.dylib */ = {isa = PBXFileReference; lastKnownFileType = "compiled.mach-o.dylib"; name = libz.dylib; path = usr/lib/libz.dylib; sourceTree = SDKROOT; };
		29A299591A55758B00117608 /* SystemConfiguration.framework */ = {isa = PBXFileReference; lastKnownFileType = wrapper.framework; name = SystemConfiguration.framework; path = System/Library/Frameworks/SystemConfiguration.framework; sourceTree = SDKROOT; };
		29A2995B1A55759200117608 /* StoreKit.framework */ = {isa = PBXFileReference; lastKnownFileType = wrapper.framework; name = StoreKit.framework; path = System/Library/Frameworks/StoreKit.framework; sourceTree = SDKROOT; };
		29A2995D1A55759A00117608 /* Security.framework */ = {isa = PBXFileReference; lastKnownFileType = wrapper.framework; name = Security.framework; path = System/Library/Frameworks/Security.framework; sourceTree = SDKROOT; };
		29A2995F1A5575A100117608 /* QuartzCore.framework */ = {isa = PBXFileReference; lastKnownFileType = wrapper.framework; name = QuartzCore.framework; path = System/Library/Frameworks/QuartzCore.framework; sourceTree = SDKROOT; };
		29A299611A5575A900117608 /* MobileCoreServices.framework */ = {isa = PBXFileReference; lastKnownFileType = wrapper.framework; name = MobileCoreServices.framework; path = System/Library/Frameworks/MobileCoreServices.framework; sourceTree = SDKROOT; };
		29A299631A5575AF00117608 /* CoreLocation.framework */ = {isa = PBXFileReference; lastKnownFileType = wrapper.framework; name = CoreLocation.framework; path = System/Library/Frameworks/CoreLocation.framework; sourceTree = SDKROOT; };
		29A299651A5575BF00117608 /* CoreGraphics.framework */ = {isa = PBXFileReference; lastKnownFileType = wrapper.framework; name = CoreGraphics.framework; path = System/Library/Frameworks/CoreGraphics.framework; sourceTree = SDKROOT; };
		29A299671A5575C400117608 /* CFNetwork.framework */ = {isa = PBXFileReference; lastKnownFileType = wrapper.framework; name = CFNetwork.framework; path = System/Library/Frameworks/CFNetwork.framework; sourceTree = SDKROOT; };
		29A299691A5575CC00117608 /* AudioToolbox.framework */ = {isa = PBXFileReference; lastKnownFileType = wrapper.framework; name = AudioToolbox.framework; path = System/Library/Frameworks/AudioToolbox.framework; sourceTree = SDKROOT; };
		29A2996D1A55763100117608 /* Social.framework */ = {isa = PBXFileReference; lastKnownFileType = wrapper.framework; name = Social.framework; path = System/Library/Frameworks/Social.framework; sourceTree = SDKROOT; };
		29A531261AAEEF9500263CB1 /* chat_blank@2x.png */ = {isa = PBXFileReference; lastKnownFileType = image.png; path = "chat_blank@2x.png"; sourceTree = "<group>"; };
		29A531281AAEEF9500263CB1 /* messages_blank@2x.png */ = {isa = PBXFileReference; lastKnownFileType = image.png; path = "messages_blank@2x.png"; sourceTree = "<group>"; };
		29A5312B1AAEEF9500263CB1 /* profile_blank@2x.png */ = {isa = PBXFileReference; lastKnownFileType = image.png; path = "profile_blank@2x.png"; sourceTree = "<group>"; };
		29A5312D1AAEEF9500263CB1 /* tab_groups@2x.png */ = {isa = PBXFileReference; lastKnownFileType = image.png; path = "tab_groups@2x.png"; sourceTree = "<group>"; };
		29A5312E1AAEEF9500263CB1 /* tab_messages@2x.png */ = {isa = PBXFileReference; lastKnownFileType = image.png; path = "tab_messages@2x.png"; sourceTree = "<group>"; };
		29A5312F1AAEEF9500263CB1 /* tab_profile@2x.png */ = {isa = PBXFileReference; lastKnownFileType = image.png; path = "tab_profile@2x.png"; sourceTree = "<group>"; };
		29EB240519E9292500D7AA97 /* app.app */ = {isa = PBXFileReference; explicitFileType = wrapper.application; includeInIndex = 0; path = app.app; sourceTree = BUILT_PRODUCTS_DIR; };
		29EB240919E9292500D7AA97 /* Info.plist */ = {isa = PBXFileReference; lastKnownFileType = text.plist.xml; path = Info.plist; sourceTree = "<group>"; };
		29EB240A19E9292500D7AA97 /* main.m */ = {isa = PBXFileReference; lastKnownFileType = sourcecode.c.objc; path = main.m; sourceTree = "<group>"; };
		29EB240C19E9292500D7AA97 /* AppDelegate.h */ = {isa = PBXFileReference; lastKnownFileType = sourcecode.c.h; path = AppDelegate.h; sourceTree = "<group>"; };
		29EB240D19E9292500D7AA97 /* AppDelegate.m */ = {isa = PBXFileReference; lastKnownFileType = sourcecode.c.objc; path = AppDelegate.m; sourceTree = "<group>"; };
		29EB241519E9292500D7AA97 /* Images.xcassets */ = {isa = PBXFileReference; lastKnownFileType = folder.assetcatalog; path = Images.xcassets; sourceTree = "<group>"; };
		29EB241819E9292500D7AA97 /* Base */ = {isa = PBXFileReference; lastKnownFileType = file.xib; name = Base; path = Base.lproj/LaunchScreen.xib; sourceTree = "<group>"; };
		29EB254F19E92ACD00D7AA97 /* AppConstant.h */ = {isa = PBXFileReference; fileEncoding = 4; lastKnownFileType = sourcecode.c.h; path = AppConstant.h; sourceTree = "<group>"; };
/* End PBXFileReference section */

/* Begin PBXFrameworksBuildPhase section */
		29EB240219E9292500D7AA97 /* Frameworks */ = {
			isa = PBXFrameworksBuildPhase;
			buildActionMask = 2147483647;
			files = (
				29A2996E1A55763100117608 /* Social.framework in Frameworks */,
				29A2996A1A5575CC00117608 /* AudioToolbox.framework in Frameworks */,
				29A299681A5575C400117608 /* CFNetwork.framework in Frameworks */,
				29A299661A5575BF00117608 /* CoreGraphics.framework in Frameworks */,
				29A299641A5575AF00117608 /* CoreLocation.framework in Frameworks */,
				29A299621A5575A900117608 /* MobileCoreServices.framework in Frameworks */,
				29A299601A5575A100117608 /* QuartzCore.framework in Frameworks */,
				29A2995E1A55759A00117608 /* Security.framework in Frameworks */,
				29A2995C1A55759200117608 /* StoreKit.framework in Frameworks */,
				29A2995A1A55758B00117608 /* SystemConfiguration.framework in Frameworks */,
				29A299581A55758300117608 /* libz.dylib in Frameworks */,
				29A299561A55757800117608 /* libsqlite3.dylib in Frameworks */,
				29A299521A5574FE00117608 /* ParseUI.framework in Frameworks */,
				29A299541A55752E00117608 /* FacebookSDK.framework in Frameworks */,
				29A299511A5574FE00117608 /* ParseFacebookUtils.framework in Frameworks */,
				29A299501A5574FE00117608 /* Parse.framework in Frameworks */,
			);
			runOnlyForDeploymentPostprocessing = 0;
		};
/* End PBXFrameworksBuildPhase section */

/* Begin PBXGroup section */
		292338FD1AA38DBD00A47A39 /* AFNetworking */ = {
			isa = PBXGroup;
			children = (
				292338FE1AA38DBD00A47A39 /* AFNetworking */,
				292339121AA38DBD00A47A39 /* UIKit+AFNetworking */,
			);
			path = AFNetworking;
			sourceTree = "<group>";
		};
		292338FE1AA38DBD00A47A39 /* AFNetworking */ = {
			isa = PBXGroup;
			children = (
				292338FF1AA38DBD00A47A39 /* AFHTTPRequestOperation.h */,
				292339001AA38DBD00A47A39 /* AFHTTPRequestOperation.m */,
				292339011AA38DBD00A47A39 /* AFHTTPRequestOperationManager.h */,
				292339021AA38DBD00A47A39 /* AFHTTPRequestOperationManager.m */,
				292339031AA38DBD00A47A39 /* AFHTTPSessionManager.h */,
				292339041AA38DBD00A47A39 /* AFHTTPSessionManager.m */,
				292339051AA38DBD00A47A39 /* AFNetworking.h */,
				292339061AA38DBD00A47A39 /* AFNetworkReachabilityManager.h */,
				292339071AA38DBD00A47A39 /* AFNetworkReachabilityManager.m */,
				292339081AA38DBD00A47A39 /* AFSecurityPolicy.h */,
				292339091AA38DBD00A47A39 /* AFSecurityPolicy.m */,
				2923390A1AA38DBD00A47A39 /* AFURLConnectionOperation.h */,
				2923390B1AA38DBD00A47A39 /* AFURLConnectionOperation.m */,
				2923390C1AA38DBD00A47A39 /* AFURLRequestSerialization.h */,
				2923390D1AA38DBD00A47A39 /* AFURLRequestSerialization.m */,
				2923390E1AA38DBD00A47A39 /* AFURLResponseSerialization.h */,
				2923390F1AA38DBD00A47A39 /* AFURLResponseSerialization.m */,
				292339101AA38DBD00A47A39 /* AFURLSessionManager.h */,
				292339111AA38DBD00A47A39 /* AFURLSessionManager.m */,
			);
			path = AFNetworking;
			sourceTree = "<group>";
		};
		292339121AA38DBD00A47A39 /* UIKit+AFNetworking */ = {
			isa = PBXGroup;
			children = (
				292339131AA38DBD00A47A39 /* AFNetworkActivityIndicatorManager.h */,
				292339141AA38DBD00A47A39 /* AFNetworkActivityIndicatorManager.m */,
				292339151AA38DBD00A47A39 /* UIActivityIndicatorView+AFNetworking.h */,
				292339161AA38DBD00A47A39 /* UIActivityIndicatorView+AFNetworking.m */,
				292339171AA38DBD00A47A39 /* UIAlertView+AFNetworking.h */,
				292339181AA38DBD00A47A39 /* UIAlertView+AFNetworking.m */,
				292339191AA38DBD00A47A39 /* UIButton+AFNetworking.h */,
				2923391A1AA38DBD00A47A39 /* UIButton+AFNetworking.m */,
				2923391B1AA38DBD00A47A39 /* UIImageView+AFNetworking.h */,
				2923391C1AA38DBD00A47A39 /* UIImageView+AFNetworking.m */,
				2923391D1AA38DBD00A47A39 /* UIKit+AFNetworking.h */,
				2923391E1AA38DBD00A47A39 /* UIProgressView+AFNetworking.h */,
				2923391F1AA38DBD00A47A39 /* UIProgressView+AFNetworking.m */,
				292339201AA38DBD00A47A39 /* UIRefreshControl+AFNetworking.h */,
				292339211AA38DBD00A47A39 /* UIRefreshControl+AFNetworking.m */,
				292339221AA38DBD00A47A39 /* UIWebView+AFNetworking.h */,
				292339231AA38DBD00A47A39 /* UIWebView+AFNetworking.m */,
			);
			path = "UIKit+AFNetworking";
			sourceTree = "<group>";
		};
		292339351AA38E0F00A47A39 /* JSQMessagesViewController */ = {
			isa = PBXGroup;
			children = (
				292339361AA38E0F00A47A39 /* Assets */,
				292339491AA38E0F00A47A39 /* Categories */,
				292339561AA38E0F00A47A39 /* Controllers */,
				2923395C1AA38E0F00A47A39 /* Factories */,
				292339671AA38E0F00A47A39 /* JSQMessages.h */,
				292339681AA38E0F00A47A39 /* Layout */,
				2923396F1AA38E0F00A47A39 /* Model */,
				292339841AA38E0F00A47A39 /* Views */,
			);
			path = JSQMessagesViewController;
			sourceTree = "<group>";
		};
		292339361AA38E0F00A47A39 /* Assets */ = {
			isa = PBXGroup;
			children = (
				292339371AA38E0F00A47A39 /* JSQMessagesAssets.bundle */,
				292339381AA38E0F00A47A39 /* Strings */,
			);
			path = Assets;
			sourceTree = "<group>";
		};
		292339381AA38E0F00A47A39 /* Strings */ = {
			isa = PBXGroup;
			children = (
				292339391AA38E0F00A47A39 /* JSQMessages.strings */,
			);
			path = Strings;
			sourceTree = "<group>";
		};
		292339491AA38E0F00A47A39 /* Categories */ = {
			isa = PBXGroup;
			children = (
				2923394A1AA38E0F00A47A39 /* JSQSystemSoundPlayer+JSQMessages.h */,
				2923394B1AA38E0F00A47A39 /* JSQSystemSoundPlayer+JSQMessages.m */,
				2923394C1AA38E0F00A47A39 /* NSString+JSQMessages.h */,
				2923394D1AA38E0F00A47A39 /* NSString+JSQMessages.m */,
				2923394E1AA38E0F00A47A39 /* UIColor+JSQMessages.h */,
				2923394F1AA38E0F00A47A39 /* UIColor+JSQMessages.m */,
				292339501AA38E0F00A47A39 /* UIDevice+JSQMessages.h */,
				292339511AA38E0F00A47A39 /* UIDevice+JSQMessages.m */,
				292339521AA38E0F00A47A39 /* UIImage+JSQMessages.h */,
				292339531AA38E0F00A47A39 /* UIImage+JSQMessages.m */,
				292339541AA38E0F00A47A39 /* UIView+JSQMessages.h */,
				292339551AA38E0F00A47A39 /* UIView+JSQMessages.m */,
			);
			path = Categories;
			sourceTree = "<group>";
		};
		292339561AA38E0F00A47A39 /* Controllers */ = {
			isa = PBXGroup;
			children = (
				292339571AA38E0F00A47A39 /* JSQMessagesKeyboardController.h */,
				292339581AA38E0F00A47A39 /* JSQMessagesKeyboardController.m */,
				292339591AA38E0F00A47A39 /* JSQMessagesViewController.h */,
				2923395A1AA38E0F00A47A39 /* JSQMessagesViewController.m */,
				2923395B1AA38E0F00A47A39 /* JSQMessagesViewController.xib */,
			);
			path = Controllers;
			sourceTree = "<group>";
		};
		2923395C1AA38E0F00A47A39 /* Factories */ = {
			isa = PBXGroup;
			children = (
				2923395D1AA38E0F00A47A39 /* JSQMessagesAvatarImageFactory.h */,
				2923395E1AA38E0F00A47A39 /* JSQMessagesAvatarImageFactory.m */,
				2923395F1AA38E0F00A47A39 /* JSQMessagesBubbleImageFactory.h */,
				292339601AA38E0F00A47A39 /* JSQMessagesBubbleImageFactory.m */,
				292339611AA38E0F00A47A39 /* JSQMessagesMediaViewBubbleImageMasker.h */,
				292339621AA38E0F00A47A39 /* JSQMessagesMediaViewBubbleImageMasker.m */,
				292339631AA38E0F00A47A39 /* JSQMessagesTimestampFormatter.h */,
				292339641AA38E0F00A47A39 /* JSQMessagesTimestampFormatter.m */,
				292339651AA38E0F00A47A39 /* JSQMessagesToolbarButtonFactory.h */,
				292339661AA38E0F00A47A39 /* JSQMessagesToolbarButtonFactory.m */,
			);
			path = Factories;
			sourceTree = "<group>";
		};
		292339681AA38E0F00A47A39 /* Layout */ = {
			isa = PBXGroup;
			children = (
				292339691AA38E0F00A47A39 /* JSQMessagesCollectionViewFlowLayout.h */,
				2923396A1AA38E0F00A47A39 /* JSQMessagesCollectionViewFlowLayout.m */,
				2923396B1AA38E0F00A47A39 /* JSQMessagesCollectionViewFlowLayoutInvalidationContext.h */,
				2923396C1AA38E0F00A47A39 /* JSQMessagesCollectionViewFlowLayoutInvalidationContext.m */,
				2923396D1AA38E0F00A47A39 /* JSQMessagesCollectionViewLayoutAttributes.h */,
				2923396E1AA38E0F00A47A39 /* JSQMessagesCollectionViewLayoutAttributes.m */,
			);
			path = Layout;
			sourceTree = "<group>";
		};
		2923396F1AA38E0F00A47A39 /* Model */ = {
			isa = PBXGroup;
			children = (
				292339701AA38E0F00A47A39 /* JSQLocationMediaItem.h */,
				292339711AA38E0F00A47A39 /* JSQLocationMediaItem.m */,
				292339721AA38E0F00A47A39 /* JSQMediaItem.h */,
				292339731AA38E0F00A47A39 /* JSQMediaItem.m */,
				292339741AA38E0F00A47A39 /* JSQMessage.h */,
				292339751AA38E0F00A47A39 /* JSQMessage.m */,
				292339761AA38E0F00A47A39 /* JSQMessageAvatarImageDataSource.h */,
				292339771AA38E0F00A47A39 /* JSQMessageBubbleImageDataSource.h */,
				292339781AA38E0F00A47A39 /* JSQMessageData.h */,
				292339791AA38E0F00A47A39 /* JSQMessageMediaData.h */,
				2923397A1AA38E0F00A47A39 /* JSQMessagesAvatarImage.h */,
				2923397B1AA38E0F00A47A39 /* JSQMessagesAvatarImage.m */,
				2923397C1AA38E0F00A47A39 /* JSQMessagesBubbleImage.h */,
				2923397D1AA38E0F00A47A39 /* JSQMessagesBubbleImage.m */,
				2923397E1AA38E0F00A47A39 /* JSQMessagesCollectionViewDataSource.h */,
				2923397F1AA38E0F00A47A39 /* JSQMessagesCollectionViewDelegateFlowLayout.h */,
				292339801AA38E0F00A47A39 /* JSQPhotoMediaItem.h */,
				292339811AA38E0F00A47A39 /* JSQPhotoMediaItem.m */,
				292339821AA38E0F00A47A39 /* JSQVideoMediaItem.h */,
				292339831AA38E0F00A47A39 /* JSQVideoMediaItem.m */,
			);
			path = Model;
			sourceTree = "<group>";
		};
		292339841AA38E0F00A47A39 /* Views */ = {
			isa = PBXGroup;
			children = (
				292339851AA38E0F00A47A39 /* JSQMessagesCellTextView.h */,
				292339861AA38E0F00A47A39 /* JSQMessagesCellTextView.m */,
				292339871AA38E0F00A47A39 /* JSQMessagesCollectionView.h */,
				292339881AA38E0F00A47A39 /* JSQMessagesCollectionView.m */,
				292339891AA38E0F00A47A39 /* JSQMessagesCollectionViewCell.h */,
				2923398A1AA38E0F00A47A39 /* JSQMessagesCollectionViewCell.m */,
				2923398B1AA38E0F00A47A39 /* JSQMessagesCollectionViewCellIncoming.h */,
				2923398C1AA38E0F00A47A39 /* JSQMessagesCollectionViewCellIncoming.m */,
				2923398D1AA38E0F00A47A39 /* JSQMessagesCollectionViewCellIncoming.xib */,
				2923398E1AA38E0F00A47A39 /* JSQMessagesCollectionViewCellOutgoing.h */,
				2923398F1AA38E0F00A47A39 /* JSQMessagesCollectionViewCellOutgoing.m */,
				292339901AA38E0F00A47A39 /* JSQMessagesCollectionViewCellOutgoing.xib */,
				292339911AA38E0F00A47A39 /* JSQMessagesComposerTextView.h */,
				292339921AA38E0F00A47A39 /* JSQMessagesComposerTextView.m */,
				292339931AA38E0F00A47A39 /* JSQMessagesInputToolbar.h */,
				292339941AA38E0F00A47A39 /* JSQMessagesInputToolbar.m */,
				292339951AA38E0F00A47A39 /* JSQMessagesLabel.h */,
				292339961AA38E0F00A47A39 /* JSQMessagesLabel.m */,
				292339971AA38E0F00A47A39 /* JSQMessagesLoadEarlierHeaderView.h */,
				292339981AA38E0F00A47A39 /* JSQMessagesLoadEarlierHeaderView.m */,
				292339991AA38E0F00A47A39 /* JSQMessagesLoadEarlierHeaderView.xib */,
				2923399A1AA38E0F00A47A39 /* JSQMessagesMediaPlaceholderView.h */,
				2923399B1AA38E0F00A47A39 /* JSQMessagesMediaPlaceholderView.m */,
				2923399C1AA38E0F00A47A39 /* JSQMessagesToolbarContentView.h */,
				2923399D1AA38E0F00A47A39 /* JSQMessagesToolbarContentView.m */,
				2923399E1AA38E0F00A47A39 /* JSQMessagesToolbarContentView.xib */,
				2923399F1AA38E0F00A47A39 /* JSQMessagesTypingIndicatorFooterView.h */,
				292339A01AA38E0F00A47A39 /* JSQMessagesTypingIndicatorFooterView.m */,
				292339A11AA38E0F00A47A39 /* JSQMessagesTypingIndicatorFooterView.xib */,
			);
			path = Views;
			sourceTree = "<group>";
		};
		292417321AC8AFF40057A40C /* Classes */ = {
			isa = PBXGroup;
			children = (
				292417331AC8AFF40057A40C /* Application */,
				292417361AC8AFF40057A40C /* Chat */,
				292417391AC8AFF40057A40C /* Tabs */,
				292417581AC8AFF40057A40C /* User */,
				292417621AC8AFF40057A40C /* Utilities */,
			);
			path = Classes;
			sourceTree = "<group>";
		};
		292417331AC8AFF40057A40C /* Application */ = {
			isa = PBXGroup;
			children = (
				292417341AC8AFF40057A40C /* NavigationController.h */,
				292417351AC8AFF40057A40C /* NavigationController.m */,
			);
			path = Application;
			sourceTree = "<group>";
		};
		292417361AC8AFF40057A40C /* Chat */ = {
			isa = PBXGroup;
			children = (
				292417371AC8AFF40057A40C /* ChatView.h */,
				292417381AC8AFF40057A40C /* ChatView.m */,
			);
			path = Chat;
			sourceTree = "<group>";
		};
		292417391AC8AFF40057A40C /* Tabs */ = {
			isa = PBXGroup;
			children = (
				2924173A1AC8AFF40057A40C /* 01_Groups */,
				2924173D1AC8AFF40057A40C /* 02_Messages */,
				292417541AC8AFF40057A40C /* 03_Profile */,
			);
			path = Tabs;
			sourceTree = "<group>";
		};
		2924173A1AC8AFF40057A40C /* 01_Groups */ = {
			isa = PBXGroup;
			children = (
				2924173B1AC8AFF40057A40C /* GroupsView.h */,
				2924173C1AC8AFF40057A40C /* GroupsView.m */,
			);
			path = 01_Groups;
			sourceTree = "<group>";
		};
		2924173D1AC8AFF40057A40C /* 02_Messages */ = {
			isa = PBXGroup;
			children = (
				2924173E1AC8AFF40057A40C /* 01_SelectSingle */,
				292417421AC8AFF40057A40C /* 02_SelectMultiple */,
				292417461AC8AFF40057A40C /* 03_AddressBook */,
				2924174A1AC8AFF40057A40C /* 04_FacebookFriends */,
				2924174E1AC8AFF40057A40C /* MessagesCell.h */,
				2924174F1AC8AFF40057A40C /* MessagesCell.m */,
				292417501AC8AFF40057A40C /* MessagesCell.xib */,
				292417511AC8AFF40057A40C /* MessagesView.h */,
				292417521AC8AFF40057A40C /* MessagesView.m */,
				292417531AC8AFF40057A40C /* MessagesView.xib */,
			);
			path = 02_Messages;
			sourceTree = "<group>";
		};
		2924173E1AC8AFF40057A40C /* 01_SelectSingle */ = {
			isa = PBXGroup;
			children = (
				2924173F1AC8AFF40057A40C /* SelectSingleView.h */,
				292417401AC8AFF40057A40C /* SelectSingleView.m */,
				292417411AC8AFF40057A40C /* SelectSingleView.xib */,
			);
			path = 01_SelectSingle;
			sourceTree = "<group>";
		};
		292417421AC8AFF40057A40C /* 02_SelectMultiple */ = {
			isa = PBXGroup;
			children = (
				292417431AC8AFF40057A40C /* SelectMultipleView.h */,
				292417441AC8AFF40057A40C /* SelectMultipleView.m */,
				292417451AC8AFF40057A40C /* SelectMultipleView.xib */,
			);
			path = 02_SelectMultiple;
			sourceTree = "<group>";
		};
		292417461AC8AFF40057A40C /* 03_AddressBook */ = {
			isa = PBXGroup;
			children = (
				292417471AC8AFF40057A40C /* AddressBookView.h */,
				292417481AC8AFF40057A40C /* AddressBookView.m */,
				292417491AC8AFF40057A40C /* AddressBookView.xib */,
			);
			path = 03_AddressBook;
			sourceTree = "<group>";
		};
		2924174A1AC8AFF40057A40C /* 04_FacebookFriends */ = {
			isa = PBXGroup;
			children = (
				2924174B1AC8AFF40057A40C /* FacebookFriendsView.h */,
				2924174C1AC8AFF40057A40C /* FacebookFriendsView.m */,
				2924174D1AC8AFF40057A40C /* FacebookFriendsView.xib */,
			);
			path = 04_FacebookFriends;
			sourceTree = "<group>";
		};
		292417541AC8AFF40057A40C /* 03_Profile */ = {
			isa = PBXGroup;
			children = (
				292417551AC8AFF40057A40C /* ProfileView.h */,
				292417561AC8AFF40057A40C /* ProfileView.m */,
				292417571AC8AFF40057A40C /* ProfileView.xib */,
			);
			path = 03_Profile;
			sourceTree = "<group>";
		};
		292417581AC8AFF40057A40C /* User */ = {
			isa = PBXGroup;
			children = (
				292417591AC8AFF40057A40C /* LoginView.h */,
				2924175A1AC8AFF40057A40C /* LoginView.m */,
				2924175B1AC8AFF40057A40C /* LoginView.xib */,
				2924175C1AC8AFF40057A40C /* RegisterView.h */,
				2924175D1AC8AFF40057A40C /* RegisterView.m */,
				2924175E1AC8AFF40057A40C /* RegisterView.xib */,
				2924175F1AC8AFF40057A40C /* WelcomeView.h */,
				292417601AC8AFF40057A40C /* WelcomeView.m */,
				292417611AC8AFF40057A40C /* WelcomeView.xib */,
			);
			path = User;
			sourceTree = "<group>";
		};
		292417621AC8AFF40057A40C /* Utilities */ = {
			isa = PBXGroup;
			children = (
				292417631AC8AFF40057A40C /* backend */,
				292417681AC8AFF40057A40C /* general */,
			);
			path = Utilities;
			sourceTree = "<group>";
		};
		292417631AC8AFF40057A40C /* backend */ = {
			isa = PBXGroup;
			children = (
				292417641AC8AFF40057A40C /* messages.h */,
				292417651AC8AFF40057A40C /* messages.m */,
				292417661AC8AFF40057A40C /* pushnotification.h */,
				292417671AC8AFF40057A40C /* pushnotification.m */,
			);
			path = backend;
			sourceTree = "<group>";
		};
		292417681AC8AFF40057A40C /* general */ = {
			isa = PBXGroup;
			children = (
				292417691AC8AFF40057A40C /* camera.h */,
				2924176A1AC8AFF40057A40C /* camera.m */,
				2924176B1AC8AFF40057A40C /* converters.h */,
				2924176C1AC8AFF40057A40C /* converters.m */,
				2924176D1AC8AFF40057A40C /* images.h */,
				2924176E1AC8AFF40057A40C /* images.m */,
				2924176F1AC8AFF40057A40C /* utilities.h */,
				292417701AC8AFF40057A40C /* utilities.m */,
			);
			path = general;
			sourceTree = "<group>";
		};
		2927192F19F284AC009C308B /* Vendors */ = {
			isa = PBXGroup;
			children = (
				292338FD1AA38DBD00A47A39 /* AFNetworking */,
				292339351AA38E0F00A47A39 /* JSQMessagesViewController */,
				292D2EF61A84497A00CEC270 /* JSQSystemSoundPlayer */,
				296DD5E41A1F557900AB9F8C /* ProgressHUD */,
			);
			path = Vendors;
			sourceTree = "<group>";
		};
		292D2EF61A84497A00CEC270 /* JSQSystemSoundPlayer */ = {
			isa = PBXGroup;
			children = (
				292D2EF71A84497A00CEC270 /* Classes */,
			);
			path = JSQSystemSoundPlayer;
			sourceTree = "<group>";
		};
		292D2EF71A84497A00CEC270 /* Classes */ = {
			isa = PBXGroup;
			children = (
				292D2EF81A84497A00CEC270 /* JSQSystemSoundPlayer.h */,
				292D2EF91A84497A00CEC270 /* JSQSystemSoundPlayer.m */,
			);
			path = Classes;
			sourceTree = "<group>";
		};
		296DD5E41A1F557900AB9F8C /* ProgressHUD */ = {
			isa = PBXGroup;
			children = (
				296DD5E51A1F557900AB9F8C /* ProgressHUD.bundle */,
				296DD5E61A1F557900AB9F8C /* ProgressHUD.h */,
				296DD5E71A1F557900AB9F8C /* ProgressHUD.m */,
			);
			path = ProgressHUD;
			sourceTree = "<group>";
		};
		29A531241AAEEF9500263CB1 /* Images */ = {
			isa = PBXGroup;
			children = (
				29A531251AAEEF9500263CB1 /* chat */,
				29A531271AAEEF9500263CB1 /* messages */,
				29A5312A1AAEEF9500263CB1 /* profileview */,
				29A5312C1AAEEF9500263CB1 /* tabbar */,
			);
			path = Images;
			sourceTree = "<group>";
		};
		29A531251AAEEF9500263CB1 /* chat */ = {
			isa = PBXGroup;
			children = (
				29A531261AAEEF9500263CB1 /* chat_blank@2x.png */,
			);
			path = chat;
			sourceTree = "<group>";
		};
		29A531271AAEEF9500263CB1 /* messages */ = {
			isa = PBXGroup;
			children = (
				29A531281AAEEF9500263CB1 /* messages_blank@2x.png */,
			);
			path = messages;
			sourceTree = "<group>";
		};
		29A5312A1AAEEF9500263CB1 /* profileview */ = {
			isa = PBXGroup;
			children = (
				29A5312B1AAEEF9500263CB1 /* profile_blank@2x.png */,
			);
			path = profileview;
			sourceTree = "<group>";
		};
		29A5312C1AAEEF9500263CB1 /* tabbar */ = {
			isa = PBXGroup;
			children = (
				29A5312D1AAEEF9500263CB1 /* tab_groups@2x.png */,
				29A5312E1AAEEF9500263CB1 /* tab_messages@2x.png */,
				29A5312F1AAEEF9500263CB1 /* tab_profile@2x.png */,
			);
			path = tabbar;
			sourceTree = "<group>";
		};
		29B8FE7319E92E4500E7A503 /* Resources */ = {
			isa = PBXGroup;
			children = (
				29A531241AAEEF9500263CB1 /* Images */,
			);
			path = Resources;
			sourceTree = "<group>";
		};
		29EB23FC19E9292500D7AA97 = {
			isa = PBXGroup;
			children = (
				292417321AC8AFF40057A40C /* Classes */,
				2927192F19F284AC009C308B /* Vendors */,
				29B8FE7319E92E4500E7A503 /* Resources */,
				29EB243319E9297900D7AA97 /* Frameworks */,
				29EB240719E9292500D7AA97 /* app */,
				29EB240619E9292500D7AA97 /* Products */,
			);
			sourceTree = "<group>";
		};
		29EB240619E9292500D7AA97 /* Products */ = {
			isa = PBXGroup;
			children = (
				29EB240519E9292500D7AA97 /* app.app */,
			);
			name = Products;
			sourceTree = "<group>";
		};
		29EB240719E9292500D7AA97 /* app */ = {
			isa = PBXGroup;
			children = (
				29EB254F19E92ACD00D7AA97 /* AppConstant.h */,
				29EB240C19E9292500D7AA97 /* AppDelegate.h */,
				29EB240D19E9292500D7AA97 /* AppDelegate.m */,
				29EB241519E9292500D7AA97 /* Images.xcassets */,
				29EB241719E9292500D7AA97 /* LaunchScreen.xib */,
				29EB240819E9292500D7AA97 /* Supporting Files */,
			);
			path = app;
			sourceTree = "<group>";
		};
		29EB240819E9292500D7AA97 /* Supporting Files */ = {
			isa = PBXGroup;
			children = (
				29EB240919E9292500D7AA97 /* Info.plist */,
				29EB240A19E9292500D7AA97 /* main.m */,
			);
			name = "Supporting Files";
			sourceTree = "<group>";
		};
		29EB243319E9297900D7AA97 /* Frameworks */ = {
			isa = PBXGroup;
			children = (
				29A2996D1A55763100117608 /* Social.framework */,
				29A299691A5575CC00117608 /* AudioToolbox.framework */,
				29A299671A5575C400117608 /* CFNetwork.framework */,
				29A299651A5575BF00117608 /* CoreGraphics.framework */,
				29A299631A5575AF00117608 /* CoreLocation.framework */,
				29A299611A5575A900117608 /* MobileCoreServices.framework */,
				29A2995F1A5575A100117608 /* QuartzCore.framework */,
				29A2995D1A55759A00117608 /* Security.framework */,
				29A2995B1A55759200117608 /* StoreKit.framework */,
				29A299591A55758B00117608 /* SystemConfiguration.framework */,
				29A299571A55758300117608 /* libz.dylib */,
				29A299551A55757800117608 /* libsqlite3.dylib */,
				29A299531A55752E00117608 /* FacebookSDK.framework */,
				29A2994D1A5574FE00117608 /* Parse.framework */,
				29A2994E1A5574FE00117608 /* ParseFacebookUtils.framework */,
				29A2994F1A5574FE00117608 /* ParseUI.framework */,
			);
			path = Frameworks;
			sourceTree = "<group>";
		};
/* End PBXGroup section */

/* Begin PBXNativeTarget section */
		29EB240419E9292500D7AA97 /* app */ = {
			isa = PBXNativeTarget;
			buildConfigurationList = 29EB242819E9292600D7AA97 /* Build configuration list for PBXNativeTarget "app" */;
			buildPhases = (
				29EB240119E9292500D7AA97 /* Sources */,
				29EB240219E9292500D7AA97 /* Frameworks */,
				29EB240319E9292500D7AA97 /* Resources */,
			);
			buildRules = (
			);
			dependencies = (
			);
			name = app;
			productName = app;
			productReference = 29EB240519E9292500D7AA97 /* app.app */;
			productType = "com.apple.product-type.application";
		};
/* End PBXNativeTarget section */

/* Begin PBXProject section */
		29EB23FD19E9292500D7AA97 /* Project object */ = {
			isa = PBXProject;
			attributes = {
				LastUpgradeCheck = 0600;
				ORGANIZATIONNAME = KZ;
				TargetAttributes = {
					29EB240419E9292500D7AA97 = {
						CreatedOnToolsVersion = 6.0.1;
					};
				};
			};
			buildConfigurationList = 29EB240019E9292500D7AA97 /* Build configuration list for PBXProject "app" */;
			compatibilityVersion = "Xcode 3.2";
			developmentRegion = English;
			hasScannedForEncodings = 0;
			knownRegions = (
				en,
				Base,
				de,
				es,
				fr,
				he,
				it,
				nl,
				pl,
				pt,
				ro,
				ru,
				tr,
				"zh-Hans",
				"zh-Hant",
			);
			mainGroup = 29EB23FC19E9292500D7AA97;
			productRefGroup = 29EB240619E9292500D7AA97 /* Products */;
			projectDirPath = "";
			projectRoot = "";
			targets = (
				29EB240419E9292500D7AA97 /* app */,
			);
		};
/* End PBXProject section */

/* Begin PBXResourcesBuildPhase section */
		29EB240319E9292500D7AA97 /* Resources */ = {
			isa = PBXResourcesBuildPhase;
			buildActionMask = 2147483647;
			files = (
				292339CC1AA38E0F00A47A39 /* JSQMessagesTypingIndicatorFooterView.xib in Resources */,
				292339AC1AA38E0F00A47A39 /* JSQMessagesViewController.xib in Resources */,
				296DD5E81A1F557900AB9F8C /* ProgressHUD.bundle in Resources */,
				292417851AC8AFF40057A40C /* RegisterView.xib in Resources */,
				29A531351AAEEF9500263CB1 /* tab_messages@2x.png in Resources */,
				292417791AC8AFF40057A40C /* AddressBookView.xib in Resources */,
				29EB241919E9292500D7AA97 /* LaunchScreen.xib in Resources */,
				292339C01AA38E0F00A47A39 /* JSQMessagesCollectionViewCellIncoming.xib in Resources */,
				292339C71AA38E0F00A47A39 /* JSQMessagesLoadEarlierHeaderView.xib in Resources */,
				29A531341AAEEF9500263CB1 /* tab_groups@2x.png in Resources */,
				292417871AC8AFF40057A40C /* WelcomeView.xib in Resources */,
				292339A31AA38E0F00A47A39 /* JSQMessages.strings in Resources */,
				2924177F1AC8AFF40057A40C /* MessagesView.xib in Resources */,
				292339A21AA38E0F00A47A39 /* JSQMessagesAssets.bundle in Resources */,
				292417771AC8AFF40057A40C /* SelectMultipleView.xib in Resources */,
				29A531361AAEEF9500263CB1 /* tab_profile@2x.png in Resources */,
				29A531331AAEEF9500263CB1 /* profile_blank@2x.png in Resources */,
				29A531311AAEEF9500263CB1 /* messages_blank@2x.png in Resources */,
				29EB241619E9292500D7AA97 /* Images.xcassets in Resources */,
				29A531301AAEEF9500263CB1 /* chat_blank@2x.png in Resources */,
				292417831AC8AFF40057A40C /* LoginView.xib in Resources */,
				2924177B1AC8AFF40057A40C /* FacebookFriendsView.xib in Resources */,
				292339C21AA38E0F00A47A39 /* JSQMessagesCollectionViewCellOutgoing.xib in Resources */,
				292417811AC8AFF40057A40C /* ProfileView.xib in Resources */,
				292417751AC8AFF40057A40C /* SelectSingleView.xib in Resources */,
				292339CA1AA38E0F00A47A39 /* JSQMessagesToolbarContentView.xib in Resources */,
				2924177D1AC8AFF40057A40C /* MessagesCell.xib in Resources */,
			);
			runOnlyForDeploymentPostprocessing = 0;
		};
/* End PBXResourcesBuildPhase section */

/* Begin PBXSourcesBuildPhase section */
		29EB240119E9292500D7AA97 /* Sources */ = {
			isa = PBXSourcesBuildPhase;
			buildActionMask = 2147483647;
			files = (
				292339B41AA38E0F00A47A39 /* JSQMessagesCollectionViewLayoutAttributes.m in Sources */,
				2924178C1AC8AFF40057A40C /* images.m in Sources */,
				292339BD1AA38E0F00A47A39 /* JSQMessagesCollectionView.m in Sources */,
				2924178D1AC8AFF40057A40C /* utilities.m in Sources */,
				292339271AA38DBD00A47A39 /* AFNetworkReachabilityManager.m in Sources */,
				292D2EFA1A84497A00CEC270 /* JSQSystemSoundPlayer.m in Sources */,
				292339BE1AA38E0F00A47A39 /* JSQMessagesCollectionViewCell.m in Sources */,
				292339241AA38DBD00A47A39 /* AFHTTPRequestOperation.m in Sources */,
				292417821AC8AFF40057A40C /* LoginView.m in Sources */,
				292339251AA38DBD00A47A39 /* AFHTTPRequestOperationManager.m in Sources */,
				292339B91AA38E0F00A47A39 /* JSQMessagesBubbleImage.m in Sources */,
				292339311AA38DBD00A47A39 /* UIImageView+AFNetworking.m in Sources */,
				292339A91AA38E0F00A47A39 /* UIView+JSQMessages.m in Sources */,
				292417781AC8AFF40057A40C /* AddressBookView.m in Sources */,
				2923392C1AA38DBD00A47A39 /* AFURLSessionManager.m in Sources */,
				292417861AC8AFF40057A40C /* WelcomeView.m in Sources */,
				292339AD1AA38E0F00A47A39 /* JSQMessagesAvatarImageFactory.m in Sources */,
				292339301AA38DBD00A47A39 /* UIButton+AFNetworking.m in Sources */,
				292339A81AA38E0F00A47A39 /* UIImage+JSQMessages.m in Sources */,
				2924178B1AC8AFF40057A40C /* converters.m in Sources */,
				292339BB1AA38E0F00A47A39 /* JSQVideoMediaItem.m in Sources */,
				2923392D1AA38DBD00A47A39 /* AFNetworkActivityIndicatorManager.m in Sources */,
				29EB240E19E9292500D7AA97 /* AppDelegate.m in Sources */,
				292339BF1AA38E0F00A47A39 /* JSQMessagesCollectionViewCellIncoming.m in Sources */,
				292417891AC8AFF40057A40C /* pushnotification.m in Sources */,
				292339BC1AA38E0F00A47A39 /* JSQMessagesCellTextView.m in Sources */,
				292339C61AA38E0F00A47A39 /* JSQMessagesLoadEarlierHeaderView.m in Sources */,
				292339C51AA38E0F00A47A39 /* JSQMessagesLabel.m in Sources */,
				292417801AC8AFF40057A40C /* ProfileView.m in Sources */,
				292417711AC8AFF40057A40C /* NavigationController.m in Sources */,
				292339261AA38DBD00A47A39 /* AFHTTPSessionManager.m in Sources */,
				292339C41AA38E0F00A47A39 /* JSQMessagesInputToolbar.m in Sources */,
				292339B51AA38E0F00A47A39 /* JSQLocationMediaItem.m in Sources */,
				292339321AA38DBD00A47A39 /* UIProgressView+AFNetworking.m in Sources */,
				292417721AC8AFF40057A40C /* ChatView.m in Sources */,
				292339281AA38DBD00A47A39 /* AFSecurityPolicy.m in Sources */,
				2923392F1AA38DBD00A47A39 /* UIAlertView+AFNetworking.m in Sources */,
				292339B31AA38E0F00A47A39 /* JSQMessagesCollectionViewFlowLayoutInvalidationContext.m in Sources */,
				292417841AC8AFF40057A40C /* RegisterView.m in Sources */,
				292417881AC8AFF40057A40C /* messages.m in Sources */,
				292339C91AA38E0F00A47A39 /* JSQMessagesToolbarContentView.m in Sources */,
				292339B11AA38E0F00A47A39 /* JSQMessagesToolbarButtonFactory.m in Sources */,
				2924177C1AC8AFF40057A40C /* MessagesCell.m in Sources */,
				2923392E1AA38DBD00A47A39 /* UIActivityIndicatorView+AFNetworking.m in Sources */,
				2923392B1AA38DBD00A47A39 /* AFURLResponseSerialization.m in Sources */,
				292339B21AA38E0F00A47A39 /* JSQMessagesCollectionViewFlowLayout.m in Sources */,
				292339BA1AA38E0F00A47A39 /* JSQPhotoMediaItem.m in Sources */,
				292339A41AA38E0F00A47A39 /* JSQSystemSoundPlayer+JSQMessages.m in Sources */,
				292339A61AA38E0F00A47A39 /* UIColor+JSQMessages.m in Sources */,
				292339C81AA38E0F00A47A39 /* JSQMessagesMediaPlaceholderView.m in Sources */,
				292339331AA38DBD00A47A39 /* UIRefreshControl+AFNetworking.m in Sources */,
				292417731AC8AFF40057A40C /* GroupsView.m in Sources */,
				292339A71AA38E0F00A47A39 /* UIDevice+JSQMessages.m in Sources */,
				292339C11AA38E0F00A47A39 /* JSQMessagesCollectionViewCellOutgoing.m in Sources */,
				292339AB1AA38E0F00A47A39 /* JSQMessagesViewController.m in Sources */,
				292339291AA38DBD00A47A39 /* AFURLConnectionOperation.m in Sources */,
				292339AF1AA38E0F00A47A39 /* JSQMessagesMediaViewBubbleImageMasker.m in Sources */,
				292339B01AA38E0F00A47A39 /* JSQMessagesTimestampFormatter.m in Sources */,
				292339341AA38DBD00A47A39 /* UIWebView+AFNetworking.m in Sources */,
				296DD5E91A1F557900AB9F8C /* ProgressHUD.m in Sources */,
				292339C31AA38E0F00A47A39 /* JSQMessagesComposerTextView.m in Sources */,
				292339AE1AA38E0F00A47A39 /* JSQMessagesBubbleImageFactory.m in Sources */,
				292339B81AA38E0F00A47A39 /* JSQMessagesAvatarImage.m in Sources */,
				2924178A1AC8AFF40057A40C /* camera.m in Sources */,
				2923392A1AA38DBD00A47A39 /* AFURLRequestSerialization.m in Sources */,
				292339A51AA38E0F00A47A39 /* NSString+JSQMessages.m in Sources */,
				292417741AC8AFF40057A40C /* SelectSingleView.m in Sources */,
				292339CB1AA38E0F00A47A39 /* JSQMessagesTypingIndicatorFooterView.m in Sources */,
				292417761AC8AFF40057A40C /* SelectMultipleView.m in Sources */,
				292339B71AA38E0F00A47A39 /* JSQMessage.m in Sources */,
				2924177A1AC8AFF40057A40C /* FacebookFriendsView.m in Sources */,
				292339AA1AA38E0F00A47A39 /* JSQMessagesKeyboardController.m in Sources */,
				2924177E1AC8AFF40057A40C /* MessagesView.m in Sources */,
				292339B61AA38E0F00A47A39 /* JSQMediaItem.m in Sources */,
				29EB240B19E9292500D7AA97 /* main.m in Sources */,
			);
			runOnlyForDeploymentPostprocessing = 0;
		};
/* End PBXSourcesBuildPhase section */

/* Begin PBXVariantGroup section */
		292339391AA38E0F00A47A39 /* JSQMessages.strings */ = {
			isa = PBXVariantGroup;
			children = (
				2923393A1AA38E0F00A47A39 /* Base */,
				2923393B1AA38E0F00A47A39 /* de */,
				2923393C1AA38E0F00A47A39 /* en */,
				2923393D1AA38E0F00A47A39 /* es */,
				2923393E1AA38E0F00A47A39 /* fr */,
				2923393F1AA38E0F00A47A39 /* he */,
				292339401AA38E0F00A47A39 /* it */,
				292339411AA38E0F00A47A39 /* nl */,
				292339421AA38E0F00A47A39 /* pl */,
				292339431AA38E0F00A47A39 /* pt */,
				292339441AA38E0F00A47A39 /* ro */,
				292339451AA38E0F00A47A39 /* ru */,
				292339461AA38E0F00A47A39 /* tr */,
				292339471AA38E0F00A47A39 /* zh-Hans */,
				292339481AA38E0F00A47A39 /* zh-Hant */,
			);
			name = JSQMessages.strings;
			sourceTree = "<group>";
		};
		29EB241719E9292500D7AA97 /* LaunchScreen.xib */ = {
			isa = PBXVariantGroup;
			children = (
				29EB241819E9292500D7AA97 /* Base */,
			);
			name = LaunchScreen.xib;
			sourceTree = "<group>";
		};
/* End PBXVariantGroup section */

/* Begin XCBuildConfiguration section */
		29EB242619E9292600D7AA97 /* Debug */ = {
			isa = XCBuildConfiguration;
			buildSettings = {
				ALWAYS_SEARCH_USER_PATHS = NO;
				CLANG_CXX_LANGUAGE_STANDARD = "gnu++0x";
				CLANG_CXX_LIBRARY = "libc++";
				CLANG_ENABLE_MODULES = YES;
				CLANG_ENABLE_OBJC_ARC = YES;
				CLANG_WARN_BOOL_CONVERSION = YES;
				CLANG_WARN_CONSTANT_CONVERSION = YES;
				CLANG_WARN_DIRECT_OBJC_ISA_USAGE = YES_ERROR;
				CLANG_WARN_EMPTY_BODY = YES;
				CLANG_WARN_ENUM_CONVERSION = YES;
				CLANG_WARN_INT_CONVERSION = YES;
				CLANG_WARN_OBJC_ROOT_CLASS = YES_ERROR;
				CLANG_WARN_UNREACHABLE_CODE = YES;
				CLANG_WARN__DUPLICATE_METHOD_MATCH = YES;
				"CODE_SIGN_IDENTITY[sdk=iphoneos*]" = "iPhone Developer";
				COPY_PHASE_STRIP = NO;
				ENABLE_STRICT_OBJC_MSGSEND = YES;
				GCC_C_LANGUAGE_STANDARD = gnu99;
				GCC_DYNAMIC_NO_PIC = NO;
				GCC_OPTIMIZATION_LEVEL = 0;
				GCC_PREPROCESSOR_DEFINITIONS = (
					"DEBUG=1",
					"$(inherited)",
				);
				GCC_SYMBOLS_PRIVATE_EXTERN = NO;
				GCC_WARN_64_TO_32_BIT_CONVERSION = YES;
				GCC_WARN_ABOUT_RETURN_TYPE = YES_ERROR;
				GCC_WARN_UNDECLARED_SELECTOR = YES;
				GCC_WARN_UNINITIALIZED_AUTOS = YES_AGGRESSIVE;
				GCC_WARN_UNUSED_FUNCTION = YES;
				GCC_WARN_UNUSED_VARIABLE = YES;
				IPHONEOS_DEPLOYMENT_TARGET = 8.0;
				MTL_ENABLE_DEBUG_INFO = YES;
				ONLY_ACTIVE_ARCH = YES;
				SDKROOT = iphoneos;
			};
			name = Debug;
		};
		29EB242719E9292600D7AA97 /* Release */ = {
			isa = XCBuildConfiguration;
			buildSettings = {
				ALWAYS_SEARCH_USER_PATHS = NO;
				CLANG_CXX_LANGUAGE_STANDARD = "gnu++0x";
				CLANG_CXX_LIBRARY = "libc++";
				CLANG_ENABLE_MODULES = YES;
				CLANG_ENABLE_OBJC_ARC = YES;
				CLANG_WARN_BOOL_CONVERSION = YES;
				CLANG_WARN_CONSTANT_CONVERSION = YES;
				CLANG_WARN_DIRECT_OBJC_ISA_USAGE = YES_ERROR;
				CLANG_WARN_EMPTY_BODY = YES;
				CLANG_WARN_ENUM_CONVERSION = YES;
				CLANG_WARN_INT_CONVERSION = YES;
				CLANG_WARN_OBJC_ROOT_CLASS = YES_ERROR;
				CLANG_WARN_UNREACHABLE_CODE = YES;
				CLANG_WARN__DUPLICATE_METHOD_MATCH = YES;
				"CODE_SIGN_IDENTITY[sdk=iphoneos*]" = "iPhone Developer";
				COPY_PHASE_STRIP = YES;
				ENABLE_NS_ASSERTIONS = NO;
				ENABLE_STRICT_OBJC_MSGSEND = YES;
				GCC_C_LANGUAGE_STANDARD = gnu99;
				GCC_WARN_64_TO_32_BIT_CONVERSION = YES;
				GCC_WARN_ABOUT_RETURN_TYPE = YES_ERROR;
				GCC_WARN_UNDECLARED_SELECTOR = YES;
				GCC_WARN_UNINITIALIZED_AUTOS = YES_AGGRESSIVE;
				GCC_WARN_UNUSED_FUNCTION = YES;
				GCC_WARN_UNUSED_VARIABLE = YES;
				IPHONEOS_DEPLOYMENT_TARGET = 8.0;
				MTL_ENABLE_DEBUG_INFO = NO;
				SDKROOT = iphoneos;
				VALIDATE_PRODUCT = YES;
			};
			name = Release;
		};
		29EB242919E9292600D7AA97 /* Debug */ = {
			isa = XCBuildConfiguration;
			buildSettings = {
				ASSETCATALOG_COMPILER_APPICON_NAME = AppIcon;
				FRAMEWORK_SEARCH_PATHS = (
					"$(inherited)",
					"$(PROJECT_DIR)/Frameworks",
				);
				INFOPLIST_FILE = app/Info.plist;
				LD_RUNPATH_SEARCH_PATHS = "$(inherited) @executable_path/Frameworks";
				OTHER_LDFLAGS = "-ObjC";
				PRODUCT_NAME = "$(TARGET_NAME)";
			};
			name = Debug;
		};
		29EB242A19E9292600D7AA97 /* Release */ = {
			isa = XCBuildConfiguration;
			buildSettings = {
				ASSETCATALOG_COMPILER_APPICON_NAME = AppIcon;
				FRAMEWORK_SEARCH_PATHS = (
					"$(inherited)",
					"$(PROJECT_DIR)/Frameworks",
				);
				INFOPLIST_FILE = app/Info.plist;
				LD_RUNPATH_SEARCH_PATHS = "$(inherited) @executable_path/Frameworks";
				OTHER_LDFLAGS = "-ObjC";
				PRODUCT_NAME = "$(TARGET_NAME)";
			};
			name = Release;
		};
/* End XCBuildConfiguration section */

/* Begin XCConfigurationList section */
		29EB240019E9292500D7AA97 /* Build configuration list for PBXProject "app" */ = {
			isa = XCConfigurationList;
			buildConfigurations = (
				29EB242619E9292600D7AA97 /* Debug */,
				29EB242719E9292600D7AA97 /* Release */,
			);
			defaultConfigurationIsVisible = 0;
			defaultConfigurationName = Release;
		};
		29EB242819E9292600D7AA97 /* Build configuration list for PBXNativeTarget "app" */ = {
			isa = XCConfigurationList;
			buildConfigurations = (
				29EB242919E9292600D7AA97 /* Debug */,
				29EB242A19E9292600D7AA97 /* Release */,
			);
			defaultConfigurationIsVisible = 0;
			defaultConfigurationName = Release;
		};
/* End XCConfigurationList section */
	};
	rootObject = 29EB23FD19E9292500D7AA97 /* Project object */;
}
